<?xml version="1.0" encoding="utf-8"?>
<Project ToolsVersion="4.0" xmlns="http://schemas.microsoft.com/developer/msbuild/2003">
  <ItemGroup>
    <Filter Include="Source Files">
      <UniqueIdentifier>{4FC737F1-C7A5-4376-A066-2A32D752A2FF}</UniqueIdentifier>
      <Extensions>cpp;c;cc;cxx;def;odl;idl;hpj;bat;asm;asmx</Extensions>
    </Filter>
    <Filter Include="Header Files">
      <UniqueIdentifier>{93995380-89BD-4b04-88EB-625FBE52EBFB}</UniqueIdentifier>
      <Extensions>h;hpp;hxx;hm;inl;inc;xsd</Extensions>
    </Filter>
    <Filter Include="Resource Files">
      <UniqueIdentifier>{67DA6AB6-F800-4c08-8B7A-83BB121AAD01}</UniqueIdentifier>
      <Extensions>rc;ico;cur;bmp;dlg;rc2;rct;bin;rgs;gif;jpg;jpeg;jpe;resx;tiff;tif;png;wav;mfcribbon-ms</Extensions>
    </Filter>
  </ItemGroup>
  <ItemGroup>
    <None Include="ReadMe.txt" />
  </ItemGroup>
  <ItemGroup>
    <ClInclude Include="pml.h">
      <Filter>Header Files</Filter>
    </ClInclude>
    <ClInclude Include="shared-relationshipReference.h">
      <Filter>Header Files</Filter>
    </ClInclude>
    <ClInclude Include="dml-main.h">
      <Filter>Header Files</Filter>
    </ClInclude>
    <ClInclude Include="core.h">
      <Filter>Header Files</Filter>
    </ClInclude>
    <ClInclude Include="shared-commonSimpleTypes.h">
      <Filter>Header Files</Filter>
    </ClInclude>
  </ItemGroup>
  <ItemGroup>
    <ClCompile Include="dllmain.cpp">
      <Filter>Source Files</Filter>
    </ClCompile>
    <ClCompile Include="CT_AdjPoint2D.cpp">
      <Filter>Source Files</Filter>
    </ClCompile>
    <ClCompile Include="CT_AdjustHandleList.cpp">
      <Filter>Source Files</Filter>
    </ClCompile>
    <ClCompile Include="CT_AlphaBiLevelEffect.cpp">
      <Filter>Source Files</Filter>
    </ClCompile>
    <ClCompile Include="CT_AlphaCeilingEffect.cpp">
      <Filter>Source Files</Filter>
    </ClCompile>
    <ClCompile Include="CT_AlphaFloorEffect.cpp">
      <Filter>Source Files</Filter>
    </ClCompile>
    <ClCompile Include="CT_AlphaInverseEffect.cpp">
      <Filter>Source Files</Filter>
    </ClCompile>
    <ClCompile Include="CT_AlphaModulateEffect.cpp">
      <Filter>Source Files</Filter>
    </ClCompile>
    <ClCompile Include="CT_AlphaModulateFixedEffect.cpp">
      <Filter>Source Files</Filter>
    </ClCompile>
    <ClCompile Include="CT_AlphaOutsetEffect.cpp">
      <Filter>Source Files</Filter>
    </ClCompile>
    <ClCompile Include="CT_AlphaReplaceEffect.cpp">
      <Filter>Source Files</Filter>
    </ClCompile>
    <ClCompile Include="CT_Angle.cpp">
      <Filter>Source Files</Filter>
    </ClCompile>
    <ClCompile Include="CT_AnimationChartBuildProperties.cpp">
      <Filter>Source Files</Filter>
    </ClCompile>
    <ClCompile Include="CT_AnimationChartElement.cpp">
      <Filter>Source Files</Filter>
    </ClCompile>
    <ClCompile Include="CT_AnimationDgmBuildProperties.cpp">
      <Filter>Source Files</Filter>
    </ClCompile>
    <ClCompile Include="CT_AnimationDgmElement.cpp">
      <Filter>Source Files</Filter>
    </ClCompile>
    <ClCompile Include="CT_AnimationElementChoice.cpp">
      <Filter>Source Files</Filter>
    </ClCompile>
    <ClCompile Include="CT_AnimationGraphicalObjectBuildProperties.cpp">
      <Filter>Source Files</Filter>
    </ClCompile>
    <ClCompile Include="CT_ApplicationNonVisualDrawingProps.cpp">
      <Filter>Source Files</Filter>
    </ClCompile>
    <ClCompile Include="CT_AudioCD.cpp">
      <Filter>Source Files</Filter>
    </ClCompile>
    <ClCompile Include="CT_AudioCDTime.cpp">
      <Filter>Source Files</Filter>
    </ClCompile>
    <ClCompile Include="CT_AudioFile.cpp">
      <Filter>Source Files</Filter>
    </ClCompile>
    <ClCompile Include="CT_Backdrop.cpp">
      <Filter>Source Files</Filter>
    </ClCompile>
    <ClCompile Include="CT_Background.cpp">
      <Filter>Source Files</Filter>
    </ClCompile>
    <ClCompile Include="CT_BackgroundFillStyleList.cpp">
      <Filter>Source Files</Filter>
    </ClCompile>
    <ClCompile Include="CT_BackgroundFormatting.cpp">
      <Filter>Source Files</Filter>
    </ClCompile>
    <ClCompile Include="CT_BackgroundProperties.cpp">
      <Filter>Source Files</Filter>
    </ClCompile>
    <ClCompile Include="CT_BaseStyles.cpp">
      <Filter>Source Files</Filter>
    </ClCompile>
    <ClCompile Include="CT_BaseStylesOverride.cpp">
      <Filter>Source Files</Filter>
    </ClCompile>
    <ClCompile Include="CT_Bevel.cpp">
      <Filter>Source Files</Filter>
    </ClCompile>
    <ClCompile Include="CT_BiLevelEffect.cpp">
      <Filter>Source Files</Filter>
    </ClCompile>
    <ClCompile Include="CT_BlendEffect.cpp">
      <Filter>Source Files</Filter>
    </ClCompile>
    <ClCompile Include="CT_Blip.cpp">
      <Filter>Source Files</Filter>
    </ClCompile>
    <ClCompile Include="CT_BlipFillProperties.cpp">
      <Filter>Source Files</Filter>
    </ClCompile>
    <ClCompile Include="CT_BlurEffect.cpp">
      <Filter>Source Files</Filter>
    </ClCompile>
    <ClCompile Include="CT_Boolean.cpp">
      <Filter>Source Files</Filter>
    </ClCompile>
    <ClCompile Include="CT_BuildList.cpp">
      <Filter>Source Files</Filter>
    </ClCompile>
    <ClCompile Include="CT_Camera.cpp">
      <Filter>Source Files</Filter>
    </ClCompile>
    <ClCompile Include="CT_Cell3D.cpp">
      <Filter>Source Files</Filter>
    </ClCompile>
    <ClCompile Include="CT_ClipboardStyleSheet.cpp">
      <Filter>Source Files</Filter>
    </ClCompile>
    <ClCompile Include="CT_Color.cpp">
      <Filter>Source Files</Filter>
    </ClCompile>
    <ClCompile Include="CT_ColorChangeEffect.cpp">
      <Filter>Source Files</Filter>
    </ClCompile>
    <ClCompile Include="CT_ColorMapping.cpp">
      <Filter>Source Files</Filter>
    </ClCompile>
    <ClCompile Include="CT_ColorMappingOverride.cpp">
      <Filter>Source Files</Filter>
    </ClCompile>
    <ClCompile Include="CT_ColorMRU.cpp">
      <Filter>Source Files</Filter>
    </ClCompile>
    <ClCompile Include="CT_ColorReplaceEffect.cpp">
      <Filter>Source Files</Filter>
    </ClCompile>
    <ClCompile Include="CT_ColorScheme.cpp">
      <Filter>Source Files</Filter>
    </ClCompile>
    <ClCompile Include="CT_ColorSchemeAndMapping.cpp">
      <Filter>Source Files</Filter>
    </ClCompile>
    <ClCompile Include="CT_ColorSchemeList.cpp">
      <Filter>Source Files</Filter>
    </ClCompile>
    <ClCompile Include="CT_Comment.cpp">
      <Filter>Source Files</Filter>
    </ClCompile>
    <ClCompile Include="CT_CommentAuthor.cpp">
      <Filter>Source Files</Filter>
    </ClCompile>
    <ClCompile Include="CT_CommentAuthorList.cpp">
      <Filter>Source Files</Filter>
    </ClCompile>
    <ClCompile Include="CT_CommentList.cpp">
      <Filter>Source Files</Filter>
    </ClCompile>
    <ClCompile Include="CT_CommonSlideData.cpp">
      <Filter>Source Files</Filter>
    </ClCompile>
    <ClCompile Include="CT_CommonSlideViewProperties.cpp">
      <Filter>Source Files</Filter>
    </ClCompile>
    <ClCompile Include="CT_CommonViewProperties.cpp">
      <Filter>Source Files</Filter>
    </ClCompile>
    <ClCompile Include="CT_ComplementTransform.cpp">
      <Filter>Source Files</Filter>
    </ClCompile>
    <ClCompile Include="CT_Connection.cpp">
      <Filter>Source Files</Filter>
    </ClCompile>
    <ClCompile Include="CT_ConnectionSite.cpp">
      <Filter>Source Files</Filter>
    </ClCompile>
    <ClCompile Include="CT_ConnectionSiteList.cpp">
      <Filter>Source Files</Filter>
    </ClCompile>
    <ClCompile Include="CT_Connector.cpp">
      <Filter>Source Files</Filter>
    </ClCompile>
    <ClCompile Include="CT_ConnectorLocking.cpp">
      <Filter>Source Files</Filter>
    </ClCompile>
    <ClCompile Include="CT_ConnectorNonVisual.cpp">
      <Filter>Source Files</Filter>
    </ClCompile>
    <ClCompile Include="CT_Control.cpp">
      <Filter>Source Files</Filter>
    </ClCompile>
    <ClCompile Include="CT_ControlList.cpp">
      <Filter>Source Files</Filter>
    </ClCompile>
    <ClCompile Include="CT_CornerDirectionTransition.cpp">
      <Filter>Source Files</Filter>
    </ClCompile>
    <ClCompile Include="CT_CustomColor.cpp">
      <Filter>Source Files</Filter>
    </ClCompile>
    <ClCompile Include="CT_CustomColorList.cpp">
      <Filter>Source Files</Filter>
    </ClCompile>
    <ClCompile Include="CT_CustomerData.cpp">
      <Filter>Source Files</Filter>
    </ClCompile>
    <ClCompile Include="CT_CustomerDataList.cpp">
      <Filter>Source Files</Filter>
    </ClCompile>
    <ClCompile Include="CT_CustomGeometry2D.cpp">
      <Filter>Source Files</Filter>
    </ClCompile>
    <ClCompile Include="CT_CustomShow.cpp">
      <Filter>Source Files</Filter>
    </ClCompile>
    <ClCompile Include="CT_CustomShowId.cpp">
      <Filter>Source Files</Filter>
    </ClCompile>
    <ClCompile Include="CT_CustomShowList.cpp">
      <Filter>Source Files</Filter>
    </ClCompile>
    <ClCompile Include="CT_DashStop.cpp">
      <Filter>Source Files</Filter>
    </ClCompile>
    <ClCompile Include="CT_DashStopList.cpp">
      <Filter>Source Files</Filter>
    </ClCompile>
    <ClCompile Include="CT_DefaultShapeDefinition.cpp">
      <Filter>Source Files</Filter>
    </ClCompile>
    <ClCompile Include="CT_DuotoneEffect.cpp">
      <Filter>Source Files</Filter>
    </ClCompile>
    <ClCompile Include="CT_EffectContainer.cpp">
      <Filter>Source Files</Filter>
    </ClCompile>
    <ClCompile Include="CT_EffectList.cpp">
      <Filter>Source Files</Filter>
    </ClCompile>
    <ClCompile Include="CT_EffectProperties.cpp">
      <Filter>Source Files</Filter>
    </ClCompile>
    <ClCompile Include="CT_EffectReference.cpp">
      <Filter>Source Files</Filter>
    </ClCompile>
    <ClCompile Include="CT_EffectStyleItem.cpp">
      <Filter>Source Files</Filter>
    </ClCompile>
    <ClCompile Include="CT_EffectStyleList.cpp">
      <Filter>Source Files</Filter>
    </ClCompile>
    <ClCompile Include="CT_EightDirectionTransition.cpp">
      <Filter>Source Files</Filter>
    </ClCompile>
    <ClCompile Include="CT_EmbeddedFontDataId.cpp">
      <Filter>Source Files</Filter>
    </ClCompile>
    <ClCompile Include="CT_EmbeddedFontList.cpp">
      <Filter>Source Files</Filter>
    </ClCompile>
    <ClCompile Include="CT_EmbeddedFontListEntry.cpp">
      <Filter>Source Files</Filter>
    </ClCompile>
    <ClCompile Include="CT_EmbeddedWAVAudioFile.cpp">
      <Filter>Source Files</Filter>
    </ClCompile>
    <ClCompile Include="CT_Empty.cpp">
      <Filter>Source Files</Filter>
    </ClCompile>
    <ClCompile Include="CT_EmptyElement.cpp">
      <Filter>Source Files</Filter>
    </ClCompile>
    <ClCompile Include="CT_Extension.cpp">
      <Filter>Source Files</Filter>
    </ClCompile>
    <ClCompile Include="CT_ExtensionList.cpp">
      <Filter>Source Files</Filter>
    </ClCompile>
    <ClCompile Include="CT_ExtensionListModify.cpp">
      <Filter>Source Files</Filter>
    </ClCompile>
    <ClCompile Include="CT_FillEffect.cpp">
      <Filter>Source Files</Filter>
    </ClCompile>
    <ClCompile Include="CT_FillOverlayEffect.cpp">
      <Filter>Source Files</Filter>
    </ClCompile>
    <ClCompile Include="CT_FillProperties.cpp">
      <Filter>Source Files</Filter>
    </ClCompile>
    <ClCompile Include="CT_FillStyleList.cpp">
      <Filter>Source Files</Filter>
    </ClCompile>
    <ClCompile Include="CT_FixedPercentage.cpp">
      <Filter>Source Files</Filter>
    </ClCompile>
    <ClCompile Include="CT_FlatText.cpp">
      <Filter>Source Files</Filter>
    </ClCompile>
    <ClCompile Include="CT_FontCollection.cpp">
      <Filter>Source Files</Filter>
    </ClCompile>
    <ClCompile Include="CT_FontReference.cpp">
      <Filter>Source Files</Filter>
    </ClCompile>
    <ClCompile Include="CT_FontScheme.cpp">
      <Filter>Source Files</Filter>
    </ClCompile>
    <ClCompile Include="CT_GammaTransform.cpp">
      <Filter>Source Files</Filter>
    </ClCompile>
    <ClCompile Include="CT_GeomGuide.cpp">
      <Filter>Source Files</Filter>
    </ClCompile>
    <ClCompile Include="CT_GeomGuideList.cpp">
      <Filter>Source Files</Filter>
    </ClCompile>
    <ClCompile Include="CT_GeomRect.cpp">
      <Filter>Source Files</Filter>
    </ClCompile>
    <ClCompile Include="CT_GlowEffect.cpp">
      <Filter>Source Files</Filter>
    </ClCompile>
    <ClCompile Include="CT_GradientFillProperties.cpp">
      <Filter>Source Files</Filter>
    </ClCompile>
    <ClCompile Include="CT_GradientStop.cpp">
      <Filter>Source Files</Filter>
    </ClCompile>
    <ClCompile Include="CT_GradientStopList.cpp">
      <Filter>Source Files</Filter>
    </ClCompile>
    <ClCompile Include="CT_GraphicalObject.cpp">
      <Filter>Source Files</Filter>
    </ClCompile>
    <ClCompile Include="CT_GraphicalObjectData.cpp">
      <Filter>Source Files</Filter>
    </ClCompile>
    <ClCompile Include="CT_GraphicalObjectFrame.cpp">
      <Filter>Source Files</Filter>
    </ClCompile>
    <ClCompile Include="CT_GraphicalObjectFrameLocking.cpp">
      <Filter>Source Files</Filter>
    </ClCompile>
    <ClCompile Include="CT_GraphicalObjectFrameNonVisual.cpp">
      <Filter>Source Files</Filter>
    </ClCompile>
    <ClCompile Include="CT_GrayscaleEffect.cpp">
      <Filter>Source Files</Filter>
    </ClCompile>
    <ClCompile Include="CT_GrayscaleTransform.cpp">
      <Filter>Source Files</Filter>
    </ClCompile>
    <ClCompile Include="CT_GroupFillProperties.cpp">
      <Filter>Source Files</Filter>
    </ClCompile>
    <ClCompile Include="CT_GroupLocking.cpp">
      <Filter>Source Files</Filter>
    </ClCompile>
    <ClCompile Include="CT_GroupShape.cpp">
      <Filter>Source Files</Filter>
    </ClCompile>
    <ClCompile Include="CT_GroupShapeNonVisual.cpp">
      <Filter>Source Files</Filter>
    </ClCompile>
    <ClCompile Include="CT_GroupShapeProperties.cpp">
      <Filter>Source Files</Filter>
    </ClCompile>
    <ClCompile Include="CT_GroupTransform2D.cpp">
      <Filter>Source Files</Filter>
    </ClCompile>
    <ClCompile Include="CT_Guide.cpp">
      <Filter>Source Files</Filter>
    </ClCompile>
    <ClCompile Include="CT_GuideList.cpp">
      <Filter>Source Files</Filter>
    </ClCompile>
    <ClCompile Include="CT_GvmlConnector.cpp">
      <Filter>Source Files</Filter>
    </ClCompile>
    <ClCompile Include="CT_GvmlConnectorNonVisual.cpp">
      <Filter>Source Files</Filter>
    </ClCompile>
    <ClCompile Include="CT_GvmlGraphicalObjectFrame.cpp">
      <Filter>Source Files</Filter>
    </ClCompile>
    <ClCompile Include="CT_GvmlGraphicFrameNonVisual.cpp">
      <Filter>Source Files</Filter>
    </ClCompile>
    <ClCompile Include="CT_GvmlGroupShape.cpp">
      <Filter>Source Files</Filter>
    </ClCompile>
    <ClCompile Include="CT_GvmlGroupShapeNonVisual.cpp">
      <Filter>Source Files</Filter>
    </ClCompile>
    <ClCompile Include="CT_GvmlPicture.cpp">
      <Filter>Source Files</Filter>
    </ClCompile>
    <ClCompile Include="CT_GvmlPictureNonVisual.cpp">
      <Filter>Source Files</Filter>
    </ClCompile>
    <ClCompile Include="CT_GvmlShape.cpp">
      <Filter>Source Files</Filter>
    </ClCompile>
    <ClCompile Include="CT_GvmlShapeNonVisual.cpp">
      <Filter>Source Files</Filter>
    </ClCompile>
    <ClCompile Include="CT_GvmlTextShape.cpp">
      <Filter>Source Files</Filter>
    </ClCompile>
    <ClCompile Include="CT_GvmlUseShapeRectangle.cpp">
      <Filter>Source Files</Filter>
    </ClCompile>
    <ClCompile Include="CT_HandoutMaster.cpp">
      <Filter>Source Files</Filter>
    </ClCompile>
    <ClCompile Include="CT_HandoutMasterIdList.cpp">
      <Filter>Source Files</Filter>
    </ClCompile>
    <ClCompile Include="CT_HandoutMasterIdListEntry.cpp">
      <Filter>Source Files</Filter>
    </ClCompile>
    <ClCompile Include="CT_HeaderFooter.cpp">
      <Filter>Source Files</Filter>
    </ClCompile>
    <ClCompile Include="CT_Headers.cpp">
      <Filter>Source Files</Filter>
    </ClCompile>
    <ClCompile Include="CT_HslColor.cpp">
      <Filter>Source Files</Filter>
    </ClCompile>
    <ClCompile Include="CT_HSLEffect.cpp">
      <Filter>Source Files</Filter>
    </ClCompile>
    <ClCompile Include="CT_HtmlPublishProperties.cpp">
      <Filter>Source Files</Filter>
    </ClCompile>
    <ClCompile Include="CT_Hyperlink.cpp">
      <Filter>Source Files</Filter>
    </ClCompile>
    <ClCompile Include="CT_IndexRange.cpp">
      <Filter>Source Files</Filter>
    </ClCompile>
    <ClCompile Include="CT_InnerShadowEffect.cpp">
      <Filter>Source Files</Filter>
    </ClCompile>
    <ClCompile Include="CT_InOutTransition.cpp">
      <Filter>Source Files</Filter>
    </ClCompile>
    <ClCompile Include="CT_InverseGammaTransform.cpp">
      <Filter>Source Files</Filter>
    </ClCompile>
    <ClCompile Include="CT_InverseTransform.cpp">
      <Filter>Source Files</Filter>
    </ClCompile>
    <ClCompile Include="CT_Kinsoku.cpp">
      <Filter>Source Files</Filter>
    </ClCompile>
    <ClCompile Include="CT_LightRig.cpp">
      <Filter>Source Files</Filter>
    </ClCompile>
    <ClCompile Include="CT_LinearShadeProperties.cpp">
      <Filter>Source Files</Filter>
    </ClCompile>
    <ClCompile Include="CT_LineEndProperties.cpp">
      <Filter>Source Files</Filter>
    </ClCompile>
    <ClCompile Include="CT_LineJoinBevel.cpp">
      <Filter>Source Files</Filter>
    </ClCompile>
    <ClCompile Include="CT_LineJoinMiterProperties.cpp">
      <Filter>Source Files</Filter>
    </ClCompile>
    <ClCompile Include="CT_LineJoinRound.cpp">
      <Filter>Source Files</Filter>
    </ClCompile>
    <ClCompile Include="CT_LineProperties.cpp">
      <Filter>Source Files</Filter>
    </ClCompile>
    <ClCompile Include="CT_LineStyleList.cpp">
      <Filter>Source Files</Filter>
    </ClCompile>
    <ClCompile Include="CT_LuminanceEffect.cpp">
      <Filter>Source Files</Filter>
    </ClCompile>
    <ClCompile Include="CT_ModifyVerifier.cpp">
      <Filter>Source Files</Filter>
    </ClCompile>
    <ClCompile Include="CT_NoFillProperties.cpp">
      <Filter>Source Files</Filter>
    </ClCompile>
    <ClCompile Include="CT_NonVisualConnectorProperties.cpp">
      <Filter>Source Files</Filter>
    </ClCompile>
    <ClCompile Include="CT_NonVisualDrawingProps.cpp">
      <Filter>Source Files</Filter>
    </ClCompile>
    <ClCompile Include="CT_NonVisualDrawingShapeProps.cpp">
      <Filter>Source Files</Filter>
    </ClCompile>
    <ClCompile Include="CT_NonVisualGraphicFrameProperties.cpp">
      <Filter>Source Files</Filter>
    </ClCompile>
    <ClCompile Include="CT_NonVisualGroupDrawingShapeProps.cpp">
      <Filter>Source Files</Filter>
    </ClCompile>
    <ClCompile Include="CT_NonVisualPictureProperties.cpp">
      <Filter>Source Files</Filter>
    </ClCompile>
    <ClCompile Include="CT_NormalViewPortion.cpp">
      <Filter>Source Files</Filter>
    </ClCompile>
    <ClCompile Include="CT_NormalViewProperties.cpp">
      <Filter>Source Files</Filter>
    </ClCompile>
    <ClCompile Include="CT_NotesMaster.cpp">
      <Filter>Source Files</Filter>
    </ClCompile>
    <ClCompile Include="CT_NotesMasterIdList.cpp">
      <Filter>Source Files</Filter>
    </ClCompile>
    <ClCompile Include="CT_NotesMasterIdListEntry.cpp">
      <Filter>Source Files</Filter>
    </ClCompile>
    <ClCompile Include="CT_NotesSlide.cpp">
      <Filter>Source Files</Filter>
    </ClCompile>
    <ClCompile Include="CT_NotesTextViewProperties.cpp">
      <Filter>Source Files</Filter>
    </ClCompile>
    <ClCompile Include="CT_NotesViewProperties.cpp">
      <Filter>Source Files</Filter>
    </ClCompile>
    <ClCompile Include="CT_ObjectStyleDefaults.cpp">
      <Filter>Source Files</Filter>
    </ClCompile>
    <ClCompile Include="CT_OfficeArtExtension.cpp">
      <Filter>Source Files</Filter>
    </ClCompile>
    <ClCompile Include="CT_OfficeArtExtensionList.cpp">
      <Filter>Source Files</Filter>
    </ClCompile>
    <ClCompile Include="CT_OfficeStyleSheet.cpp">
      <Filter>Source Files</Filter>
    </ClCompile>
    <ClCompile Include="CT_OleObject.cpp">
      <Filter>Source Files</Filter>
    </ClCompile>
    <ClCompile Include="CT_OleObjectEmbed.cpp">
      <Filter>Source Files</Filter>
    </ClCompile>
    <ClCompile Include="CT_OleObjectLink.cpp">
      <Filter>Source Files</Filter>
    </ClCompile>
    <ClCompile Include="CT_OptionalBlackTransition.cpp">
      <Filter>Source Files</Filter>
    </ClCompile>
    <ClCompile Include="CT_OrientationTransition.cpp">
      <Filter>Source Files</Filter>
    </ClCompile>
    <ClCompile Include="CT_OuterShadowEffect.cpp">
      <Filter>Source Files</Filter>
    </ClCompile>
    <ClCompile Include="CT_OutlineViewProperties.cpp">
      <Filter>Source Files</Filter>
    </ClCompile>
    <ClCompile Include="CT_OutlineViewSlideEntry.cpp">
      <Filter>Source Files</Filter>
    </ClCompile>
    <ClCompile Include="CT_OutlineViewSlideList.cpp">
      <Filter>Source Files</Filter>
    </ClCompile>
    <ClCompile Include="CT_Path2D.cpp">
      <Filter>Source Files</Filter>
    </ClCompile>
    <ClCompile Include="CT_Path2DArcTo.cpp">
      <Filter>Source Files</Filter>
    </ClCompile>
    <ClCompile Include="CT_Path2DClose.cpp">
      <Filter>Source Files</Filter>
    </ClCompile>
    <ClCompile Include="CT_Path2DCubicBezierTo.cpp">
      <Filter>Source Files</Filter>
    </ClCompile>
    <ClCompile Include="CT_Path2DLineTo.cpp">
      <Filter>Source Files</Filter>
    </ClCompile>
    <ClCompile Include="CT_Path2DList.cpp">
      <Filter>Source Files</Filter>
    </ClCompile>
    <ClCompile Include="CT_Path2DMoveTo.cpp">
      <Filter>Source Files</Filter>
    </ClCompile>
    <ClCompile Include="CT_Path2DQuadBezierTo.cpp">
      <Filter>Source Files</Filter>
    </ClCompile>
    <ClCompile Include="CT_PathShadeProperties.cpp">
      <Filter>Source Files</Filter>
    </ClCompile>
    <ClCompile Include="CT_PatternFillProperties.cpp">
      <Filter>Source Files</Filter>
    </ClCompile>
    <ClCompile Include="CT_Percentage.cpp">
      <Filter>Source Files</Filter>
    </ClCompile>
    <ClCompile Include="CT_PhotoAlbum.cpp">
      <Filter>Source Files</Filter>
    </ClCompile>
    <ClCompile Include="CT_Picture.cpp">
      <Filter>Source Files</Filter>
    </ClCompile>
    <ClCompile Include="CT_PictureLocking.cpp">
      <Filter>Source Files</Filter>
    </ClCompile>
    <ClCompile Include="CT_PictureNonVisual.cpp">
      <Filter>Source Files</Filter>
    </ClCompile>
    <ClCompile Include="CT_Placeholder.cpp">
      <Filter>Source Files</Filter>
    </ClCompile>
    <ClCompile Include="CT_Point2D.cpp">
      <Filter>Source Files</Filter>
    </ClCompile>
    <ClCompile Include="CT_Point3D.cpp">
      <Filter>Source Files</Filter>
    </ClCompile>
    <ClCompile Include="CT_PolarAdjustHandle.cpp">
      <Filter>Source Files</Filter>
    </ClCompile>
    <ClCompile Include="CT_PositiveFixedAngle.cpp">
      <Filter>Source Files</Filter>
    </ClCompile>
    <ClCompile Include="CT_PositiveFixedPercentage.cpp">
      <Filter>Source Files</Filter>
    </ClCompile>
    <ClCompile Include="CT_PositivePercentage.cpp">
      <Filter>Source Files</Filter>
    </ClCompile>
    <ClCompile Include="CT_PositiveSize2D.cpp">
      <Filter>Source Files</Filter>
    </ClCompile>
    <ClCompile Include="CT_Presentation.cpp">
      <Filter>Source Files</Filter>
    </ClCompile>
    <ClCompile Include="CT_PresentationProperties.cpp">
      <Filter>Source Files</Filter>
    </ClCompile>
    <ClCompile Include="CT_PresetColor.cpp">
      <Filter>Source Files</Filter>
    </ClCompile>
    <ClCompile Include="CT_PresetGeometry2D.cpp">
      <Filter>Source Files</Filter>
    </ClCompile>
    <ClCompile Include="CT_PresetLineDashProperties.cpp">
      <Filter>Source Files</Filter>
    </ClCompile>
    <ClCompile Include="CT_PresetShadowEffect.cpp">
      <Filter>Source Files</Filter>
    </ClCompile>
    <ClCompile Include="CT_PresetTextShape.cpp">
      <Filter>Source Files</Filter>
    </ClCompile>
    <ClCompile Include="CT_PrintProperties.cpp">
      <Filter>Source Files</Filter>
    </ClCompile>
    <ClCompile Include="CT_QuickTimeFile.cpp">
      <Filter>Source Files</Filter>
    </ClCompile>
    <ClCompile Include="CT_Ratio.cpp">
      <Filter>Source Files</Filter>
    </ClCompile>
    <ClCompile Include="CT_ReflectionEffect.cpp">
      <Filter>Source Files</Filter>
    </ClCompile>
    <ClCompile Include="CT_RegularTextRun.cpp">
      <Filter>Source Files</Filter>
    </ClCompile>
    <ClCompile Include="CT_Rel.cpp">
      <Filter>Source Files</Filter>
    </ClCompile>
    <ClCompile Include="CT_RelativeOffsetEffect.cpp">
      <Filter>Source Files</Filter>
    </ClCompile>
    <ClCompile Include="CT_RelativeRect.cpp">
      <Filter>Source Files</Filter>
    </ClCompile>
    <ClCompile Include="CT_Scale2D.cpp">
      <Filter>Source Files</Filter>
    </ClCompile>
    <ClCompile Include="CT_Scene3D.cpp">
      <Filter>Source Files</Filter>
    </ClCompile>
    <ClCompile Include="CT_SchemeColor.cpp">
      <Filter>Source Files</Filter>
    </ClCompile>
    <ClCompile Include="CT_ScRgbColor.cpp">
      <Filter>Source Files</Filter>
    </ClCompile>
    <ClCompile Include="CT_Shape.cpp">
      <Filter>Source Files</Filter>
    </ClCompile>
    <ClCompile Include="CT_Shape3D.cpp">
      <Filter>Source Files</Filter>
    </ClCompile>
    <ClCompile Include="CT_ShapeLocking.cpp">
      <Filter>Source Files</Filter>
    </ClCompile>
    <ClCompile Include="CT_ShapeNonVisual.cpp">
      <Filter>Source Files</Filter>
    </ClCompile>
    <ClCompile Include="CT_ShapeProperties.cpp">
      <Filter>Source Files</Filter>
    </ClCompile>
    <ClCompile Include="CT_ShapeStyle.cpp">
      <Filter>Source Files</Filter>
    </ClCompile>
    <ClCompile Include="CT_ShowInfoBrowse.cpp">
      <Filter>Source Files</Filter>
    </ClCompile>
    <ClCompile Include="CT_ShowInfoKiosk.cpp">
      <Filter>Source Files</Filter>
    </ClCompile>
    <ClCompile Include="CT_ShowProperties.cpp">
      <Filter>Source Files</Filter>
    </ClCompile>
    <ClCompile Include="CT_SideDirectionTransition.cpp">
      <Filter>Source Files</Filter>
    </ClCompile>
    <ClCompile Include="CT_Slide.cpp">
      <Filter>Source Files</Filter>
    </ClCompile>
    <ClCompile Include="CT_SlideIdList.cpp">
      <Filter>Source Files</Filter>
    </ClCompile>
    <ClCompile Include="CT_SlideIdListEntry.cpp">
      <Filter>Source Files</Filter>
    </ClCompile>
    <ClCompile Include="CT_SlideLayout.cpp">
      <Filter>Source Files</Filter>
    </ClCompile>
    <ClCompile Include="CT_SlideLayoutIdList.cpp">
      <Filter>Source Files</Filter>
    </ClCompile>
    <ClCompile Include="CT_SlideLayoutIdListEntry.cpp">
      <Filter>Source Files</Filter>
    </ClCompile>
    <ClCompile Include="CT_SlideMaster.cpp">
      <Filter>Source Files</Filter>
    </ClCompile>
    <ClCompile Include="CT_SlideMasterIdList.cpp">
      <Filter>Source Files</Filter>
    </ClCompile>
    <ClCompile Include="CT_SlideMasterIdListEntry.cpp">
      <Filter>Source Files</Filter>
    </ClCompile>
    <ClCompile Include="CT_SlideMasterTextStyles.cpp">
      <Filter>Source Files</Filter>
    </ClCompile>
    <ClCompile Include="CT_SlideRelationshipList.cpp">
      <Filter>Source Files</Filter>
    </ClCompile>
    <ClCompile Include="CT_SlideRelationshipListEntry.cpp">
      <Filter>Source Files</Filter>
    </ClCompile>
    <ClCompile Include="CT_SlideSize.cpp">
      <Filter>Source Files</Filter>
    </ClCompile>
    <ClCompile Include="CT_SlideSorterViewProperties.cpp">
      <Filter>Source Files</Filter>
    </ClCompile>
    <ClCompile Include="CT_SlideSyncProperties.cpp">
      <Filter>Source Files</Filter>
    </ClCompile>
    <ClCompile Include="CT_SlideTiming.cpp">
      <Filter>Source Files</Filter>
    </ClCompile>
    <ClCompile Include="CT_SlideTransition.cpp">
      <Filter>Source Files</Filter>
    </ClCompile>
    <ClCompile Include="CT_SlideViewProperties.cpp">
      <Filter>Source Files</Filter>
    </ClCompile>
    <ClCompile Include="CT_SmartTags.cpp">
      <Filter>Source Files</Filter>
    </ClCompile>
    <ClCompile Include="CT_SoftEdgesEffect.cpp">
      <Filter>Source Files</Filter>
    </ClCompile>
    <ClCompile Include="CT_SolidColorFillProperties.cpp">
      <Filter>Source Files</Filter>
    </ClCompile>
    <ClCompile Include="CT_SphereCoords.cpp">
      <Filter>Source Files</Filter>
    </ClCompile>
    <ClCompile Include="CT_SplitTransition.cpp">
      <Filter>Source Files</Filter>
    </ClCompile>
    <ClCompile Include="CT_SRgbColor.cpp">
      <Filter>Source Files</Filter>
    </ClCompile>
    <ClCompile Include="CT_StretchInfoProperties.cpp">
      <Filter>Source Files</Filter>
    </ClCompile>
    <ClCompile Include="CT_StringTag.cpp">
      <Filter>Source Files</Filter>
    </ClCompile>
    <ClCompile Include="CT_StyleMatrix.cpp">
      <Filter>Source Files</Filter>
    </ClCompile>
    <ClCompile Include="CT_StyleMatrixReference.cpp">
      <Filter>Source Files</Filter>
    </ClCompile>
    <ClCompile Include="CT_SupplementalFont.cpp">
      <Filter>Source Files</Filter>
    </ClCompile>
    <ClCompile Include="CT_SystemColor.cpp">
      <Filter>Source Files</Filter>
    </ClCompile>
    <ClCompile Include="CT_Table.cpp">
      <Filter>Source Files</Filter>
    </ClCompile>
    <ClCompile Include="CT_TableBackgroundStyle.cpp">
      <Filter>Source Files</Filter>
    </ClCompile>
    <ClCompile Include="CT_TableCell.cpp">
      <Filter>Source Files</Filter>
    </ClCompile>
    <ClCompile Include="CT_TableCellBorderStyle.cpp">
      <Filter>Source Files</Filter>
    </ClCompile>
    <ClCompile Include="CT_TableCellProperties.cpp">
      <Filter>Source Files</Filter>
    </ClCompile>
    <ClCompile Include="CT_TableCol.cpp">
      <Filter>Source Files</Filter>
    </ClCompile>
    <ClCompile Include="CT_TableGrid.cpp">
      <Filter>Source Files</Filter>
    </ClCompile>
    <ClCompile Include="CT_TablePartStyle.cpp">
      <Filter>Source Files</Filter>
    </ClCompile>
    <ClCompile Include="CT_TableProperties.cpp">
      <Filter>Source Files</Filter>
    </ClCompile>
    <ClCompile Include="CT_TableRow.cpp">
      <Filter>Source Files</Filter>
    </ClCompile>
    <ClCompile Include="CT_TableStyle.cpp">
      <Filter>Source Files</Filter>
    </ClCompile>
    <ClCompile Include="CT_TableStyleCellStyle.cpp">
      <Filter>Source Files</Filter>
    </ClCompile>
    <ClCompile Include="CT_TableStyleList.cpp">
      <Filter>Source Files</Filter>
    </ClCompile>
    <ClCompile Include="CT_TableStyleTextStyle.cpp">
      <Filter>Source Files</Filter>
    </ClCompile>
    <ClCompile Include="CT_TagList.cpp">
      <Filter>Source Files</Filter>
    </ClCompile>
    <ClCompile Include="CT_TagsData.cpp">
      <Filter>Source Files</Filter>
    </ClCompile>
    <ClCompile Include="CT_TextAutonumberBullet.cpp">
      <Filter>Source Files</Filter>
    </ClCompile>
    <ClCompile Include="CT_TextBlipBullet.cpp">
      <Filter>Source Files</Filter>
    </ClCompile>
    <ClCompile Include="CT_TextBody.cpp">
      <Filter>Source Files</Filter>
    </ClCompile>
    <ClCompile Include="CT_TextBodyProperties.cpp">
      <Filter>Source Files</Filter>
    </ClCompile>
    <ClCompile Include="CT_TextBulletColorFollowText.cpp">
      <Filter>Source Files</Filter>
    </ClCompile>
    <ClCompile Include="CT_TextBulletSizeFollowText.cpp">
      <Filter>Source Files</Filter>
    </ClCompile>
    <ClCompile Include="CT_TextBulletSizePercent.cpp">
      <Filter>Source Files</Filter>
    </ClCompile>
    <ClCompile Include="CT_TextBulletSizePoint.cpp">
      <Filter>Source Files</Filter>
    </ClCompile>
    <ClCompile Include="CT_TextBulletTypefaceFollowText.cpp">
      <Filter>Source Files</Filter>
    </ClCompile>
    <ClCompile Include="CT_TextCharacterProperties.cpp">
      <Filter>Source Files</Filter>
    </ClCompile>
    <ClCompile Include="CT_TextCharBullet.cpp">
      <Filter>Source Files</Filter>
    </ClCompile>
    <ClCompile Include="CT_TextField.cpp">
      <Filter>Source Files</Filter>
    </ClCompile>
    <ClCompile Include="CT_TextFont.cpp">
      <Filter>Source Files</Filter>
    </ClCompile>
    <ClCompile Include="CT_TextLineBreak.cpp">
      <Filter>Source Files</Filter>
    </ClCompile>
    <ClCompile Include="CT_TextListStyle.cpp">
      <Filter>Source Files</Filter>
    </ClCompile>
    <ClCompile Include="CT_TextNoAutofit.cpp">
      <Filter>Source Files</Filter>
    </ClCompile>
    <ClCompile Include="CT_TextNoBullet.cpp">
      <Filter>Source Files</Filter>
    </ClCompile>
    <ClCompile Include="CT_TextNormalAutofit.cpp">
      <Filter>Source Files</Filter>
    </ClCompile>
    <ClCompile Include="CT_TextParagraph.cpp">
      <Filter>Source Files</Filter>
    </ClCompile>
    <ClCompile Include="CT_TextParagraphProperties.cpp">
      <Filter>Source Files</Filter>
    </ClCompile>
    <ClCompile Include="CT_TextShapeAutofit.cpp">
      <Filter>Source Files</Filter>
    </ClCompile>
    <ClCompile Include="CT_TextSpacing.cpp">
      <Filter>Source Files</Filter>
    </ClCompile>
    <ClCompile Include="CT_TextSpacingPercent.cpp">
      <Filter>Source Files</Filter>
    </ClCompile>
    <ClCompile Include="CT_TextSpacingPoint.cpp">
      <Filter>Source Files</Filter>
    </ClCompile>
    <ClCompile Include="CT_TextTabStop.cpp">
      <Filter>Source Files</Filter>
    </ClCompile>
    <ClCompile Include="CT_TextTabStopList.cpp">
      <Filter>Source Files</Filter>
    </ClCompile>
    <ClCompile Include="CT_TextUnderlineFillFollowText.cpp">
      <Filter>Source Files</Filter>
    </ClCompile>
    <ClCompile Include="CT_TextUnderlineFillGroupWrapper.cpp">
      <Filter>Source Files</Filter>
    </ClCompile>
    <ClCompile Include="CT_TextUnderlineLineFollowText.cpp">
      <Filter>Source Files</Filter>
    </ClCompile>
    <ClCompile Include="CT_ThemeableLineStyle.cpp">
      <Filter>Source Files</Filter>
    </ClCompile>
    <ClCompile Include="CT_TileInfoProperties.cpp">
      <Filter>Source Files</Filter>
    </ClCompile>
    <ClCompile Include="CT_TimeNodeList.cpp">
      <Filter>Source Files</Filter>
    </ClCompile>
    <ClCompile Include="CT_TintEffect.cpp">
      <Filter>Source Files</Filter>
    </ClCompile>
    <ClCompile Include="CT_TLAnimateBehavior.cpp">
      <Filter>Source Files</Filter>
    </ClCompile>
    <ClCompile Include="CT_TLAnimateColorBehavior.cpp">
      <Filter>Source Files</Filter>
    </ClCompile>
    <ClCompile Include="CT_TLAnimateEffectBehavior.cpp">
      <Filter>Source Files</Filter>
    </ClCompile>
    <ClCompile Include="CT_TLAnimateMotionBehavior.cpp">
      <Filter>Source Files</Filter>
    </ClCompile>
    <ClCompile Include="CT_TLAnimateRotationBehavior.cpp">
      <Filter>Source Files</Filter>
    </ClCompile>
    <ClCompile Include="CT_TLAnimateScaleBehavior.cpp">
      <Filter>Source Files</Filter>
    </ClCompile>
    <ClCompile Include="CT_TLAnimVariant.cpp">
      <Filter>Source Files</Filter>
    </ClCompile>
    <ClCompile Include="CT_TLAnimVariantBooleanVal.cpp">
      <Filter>Source Files</Filter>
    </ClCompile>
    <ClCompile Include="CT_TLAnimVariantFloatVal.cpp">
      <Filter>Source Files</Filter>
    </ClCompile>
    <ClCompile Include="CT_TLAnimVariantIntegerVal.cpp">
      <Filter>Source Files</Filter>
    </ClCompile>
    <ClCompile Include="CT_TLAnimVariantStringVal.cpp">
      <Filter>Source Files</Filter>
    </ClCompile>
    <ClCompile Include="CT_TLBehaviorAttributeNameList.cpp">
      <Filter>Source Files</Filter>
    </ClCompile>
    <ClCompile Include="CT_TLBuildDiagram.cpp">
      <Filter>Source Files</Filter>
    </ClCompile>
    <ClCompile Include="CT_TLBuildParagraph.cpp">
      <Filter>Source Files</Filter>
    </ClCompile>
    <ClCompile Include="CT_TLByAnimateColorTransform.cpp">
      <Filter>Source Files</Filter>
    </ClCompile>
    <ClCompile Include="CT_TLByHslColorTransform.cpp">
      <Filter>Source Files</Filter>
    </ClCompile>
    <ClCompile Include="CT_TLByRgbColorTransform.cpp">
      <Filter>Source Files</Filter>
    </ClCompile>
    <ClCompile Include="CT_TLCommandBehavior.cpp">
      <Filter>Source Files</Filter>
    </ClCompile>
    <ClCompile Include="CT_TLCommonBehaviorData.cpp">
      <Filter>Source Files</Filter>
    </ClCompile>
    <ClCompile Include="CT_TLCommonMediaNodeData.cpp">
      <Filter>Source Files</Filter>
    </ClCompile>
    <ClCompile Include="CT_TLCommonTimeNodeData.cpp">
      <Filter>Source Files</Filter>
    </ClCompile>
    <ClCompile Include="CT_TLGraphicalObjectBuild.cpp">
      <Filter>Source Files</Filter>
    </ClCompile>
    <ClCompile Include="CT_TLIterateData.cpp">
      <Filter>Source Files</Filter>
    </ClCompile>
    <ClCompile Include="CT_TLIterateIntervalPercentage.cpp">
      <Filter>Source Files</Filter>
    </ClCompile>
    <ClCompile Include="CT_TLIterateIntervalTime.cpp">
      <Filter>Source Files</Filter>
    </ClCompile>
    <ClCompile Include="CT_TLMediaNodeAudio.cpp">
      <Filter>Source Files</Filter>
    </ClCompile>
    <ClCompile Include="CT_TLMediaNodeVideo.cpp">
      <Filter>Source Files</Filter>
    </ClCompile>
    <ClCompile Include="CT_TLOleBuildChart.cpp">
      <Filter>Source Files</Filter>
    </ClCompile>
    <ClCompile Include="CT_TLOleChartTargetElement.cpp">
      <Filter>Source Files</Filter>
    </ClCompile>
    <ClCompile Include="CT_TLPoint.cpp">
      <Filter>Source Files</Filter>
    </ClCompile>
    <ClCompile Include="CT_TLSetBehavior.cpp">
      <Filter>Source Files</Filter>
    </ClCompile>
    <ClCompile Include="CT_TLShapeTargetElement.cpp">
      <Filter>Source Files</Filter>
    </ClCompile>
    <ClCompile Include="CT_TLSubShapeId.cpp">
      <Filter>Source Files</Filter>
    </ClCompile>
    <ClCompile Include="CT_TLTemplate.cpp">
      <Filter>Source Files</Filter>
    </ClCompile>
    <ClCompile Include="CT_TLTemplateList.cpp">
      <Filter>Source Files</Filter>
    </ClCompile>
    <ClCompile Include="CT_TLTextTargetElement.cpp">
      <Filter>Source Files</Filter>
    </ClCompile>
    <ClCompile Include="CT_TLTimeAnimateValue.cpp">
      <Filter>Source Files</Filter>
    </ClCompile>
    <ClCompile Include="CT_TLTimeAnimateValueList.cpp">
      <Filter>Source Files</Filter>
    </ClCompile>
    <ClCompile Include="CT_TLTimeCondition.cpp">
      <Filter>Source Files</Filter>
    </ClCompile>
    <ClCompile Include="CT_TLTimeConditionList.cpp">
      <Filter>Source Files</Filter>
    </ClCompile>
    <ClCompile Include="CT_TLTimeNodeExclusive.cpp">
      <Filter>Source Files</Filter>
    </ClCompile>
    <ClCompile Include="CT_TLTimeNodeParallel.cpp">
      <Filter>Source Files</Filter>
    </ClCompile>
    <ClCompile Include="CT_TLTimeNodeSequence.cpp">
      <Filter>Source Files</Filter>
    </ClCompile>
    <ClCompile Include="CT_TLTimeTargetElement.cpp">
      <Filter>Source Files</Filter>
    </ClCompile>
    <ClCompile Include="CT_TLTriggerRuntimeNode.cpp">
      <Filter>Source Files</Filter>
    </ClCompile>
    <ClCompile Include="CT_TLTriggerTimeNodeID.cpp">
      <Filter>Source Files</Filter>
    </ClCompile>
    <ClCompile Include="CT_Transform2D.cpp">
      <Filter>Source Files</Filter>
    </ClCompile>
    <ClCompile Include="CT_TransformEffect.cpp">
      <Filter>Source Files</Filter>
    </ClCompile>
    <ClCompile Include="CT_TransitionSoundAction.cpp">
      <Filter>Source Files</Filter>
    </ClCompile>
    <ClCompile Include="CT_TransitionStartSoundAction.cpp">
      <Filter>Source Files</Filter>
    </ClCompile>
    <ClCompile Include="CT_Vector3D.cpp">
      <Filter>Source Files</Filter>
    </ClCompile>
    <ClCompile Include="CT_VideoFile.cpp">
      <Filter>Source Files</Filter>
    </ClCompile>
    <ClCompile Include="CT_ViewProperties.cpp">
      <Filter>Source Files</Filter>
    </ClCompile>
    <ClCompile Include="CT_WebProperties.cpp">
      <Filter>Source Files</Filter>
    </ClCompile>
    <ClCompile Include="CT_WheelTransition.cpp">
      <Filter>Source Files</Filter>
    </ClCompile>
    <ClCompile Include="CT_WholeE2oFormatting.cpp">
      <Filter>Source Files</Filter>
    </ClCompile>
    <ClCompile Include="CT_XYAdjustHandle.cpp">
      <Filter>Source Files</Filter>
    </ClCompile>
    <ClCompile Include="ST_AdjAngle.cpp">
      <Filter>Source Files</Filter>
    </ClCompile>
    <ClCompile Include="ST_AdjCoordinate.cpp">
      <Filter>Source Files</Filter>
    </ClCompile>
    <ClCompile Include="ST_Angle.cpp">
      <Filter>Source Files</Filter>
    </ClCompile>
    <ClCompile Include="ST_AnimationBuildType.cpp">
      <Filter>Source Files</Filter>
    </ClCompile>
    <ClCompile Include="ST_AnimationChartBuildType.cpp">
      <Filter>Source Files</Filter>
    </ClCompile>
    <ClCompile Include="ST_AnimationChartOnlyBuildType.cpp">
      <Filter>Source Files</Filter>
    </ClCompile>
    <ClCompile Include="ST_AnimationDgmBuildType.cpp">
      <Filter>Source Files</Filter>
    </ClCompile>
    <ClCompile Include="ST_AnimationDgmOnlyBuildType.cpp">
      <Filter>Source Files</Filter>
    </ClCompile>
    <ClCompile Include="ST_BevelPresetType.cpp">
      <Filter>Source Files</Filter>
    </ClCompile>
    <ClCompile Include="ST_BlackWhiteMode.cpp">
      <Filter>Source Files</Filter>
    </ClCompile>
    <ClCompile Include="ST_BlendMode.cpp">
      <Filter>Source Files</Filter>
    </ClCompile>
    <ClCompile Include="ST_BlipCompression.cpp">
      <Filter>Source Files</Filter>
    </ClCompile>
    <ClCompile Include="ST_BookmarkIdSeed.cpp">
      <Filter>Source Files</Filter>
    </ClCompile>
    <ClCompile Include="ST_ChartBuildStep.cpp">
      <Filter>Source Files</Filter>
    </ClCompile>
    <ClCompile Include="ST_ColorSchemeIndex.cpp">
      <Filter>Source Files</Filter>
    </ClCompile>
    <ClCompile Include="ST_CompoundLine.cpp">
      <Filter>Source Files</Filter>
    </ClCompile>
    <ClCompile Include="ST_Coordinate.cpp">
      <Filter>Source Files</Filter>
    </ClCompile>
    <ClCompile Include="ST_Coordinate32.cpp">
      <Filter>Source Files</Filter>
    </ClCompile>
    <ClCompile Include="ST_Coordinate32Unqualified.cpp">
      <Filter>Source Files</Filter>
    </ClCompile>
    <ClCompile Include="ST_CoordinateUnqualified.cpp">
      <Filter>Source Files</Filter>
    </ClCompile>
    <ClCompile Include="ST_DgmBuildStep.cpp">
      <Filter>Source Files</Filter>
    </ClCompile>
    <ClCompile Include="ST_DrawingElementId.cpp">
      <Filter>Source Files</Filter>
    </ClCompile>
    <ClCompile Include="ST_EffectContainerType.cpp">
      <Filter>Source Files</Filter>
    </ClCompile>
    <ClCompile Include="ST_FixedAngle.cpp">
      <Filter>Source Files</Filter>
    </ClCompile>
    <ClCompile Include="ST_FixedPercentage.cpp">
      <Filter>Source Files</Filter>
    </ClCompile>
    <ClCompile Include="ST_FontCollectionIndex.cpp">
      <Filter>Source Files</Filter>
    </ClCompile>
    <ClCompile Include="ST_FOVAngle.cpp">
      <Filter>Source Files</Filter>
    </ClCompile>
    <ClCompile Include="ST_GeomGuideFormula.cpp">
      <Filter>Source Files</Filter>
    </ClCompile>
    <ClCompile Include="ST_GeomGuideName.cpp">
      <Filter>Source Files</Filter>
    </ClCompile>
    <ClCompile Include="ST_LightRigDirection.cpp">
      <Filter>Source Files</Filter>
    </ClCompile>
    <ClCompile Include="ST_LightRigType.cpp">
      <Filter>Source Files</Filter>
    </ClCompile>
    <ClCompile Include="ST_LineCap.cpp">
      <Filter>Source Files</Filter>
    </ClCompile>
    <ClCompile Include="ST_LineEndLength.cpp">
      <Filter>Source Files</Filter>
    </ClCompile>
    <ClCompile Include="ST_LineEndType.cpp">
      <Filter>Source Files</Filter>
    </ClCompile>
    <ClCompile Include="ST_LineEndWidth.cpp">
      <Filter>Source Files</Filter>
    </ClCompile>
    <ClCompile Include="ST_LineWidth.cpp">
      <Filter>Source Files</Filter>
    </ClCompile>
    <ClCompile Include="ST_OnOffStyleType.cpp">
      <Filter>Source Files</Filter>
    </ClCompile>
    <ClCompile Include="ST_PathFillMode.cpp">
      <Filter>Source Files</Filter>
    </ClCompile>
    <ClCompile Include="ST_PathShadeType.cpp">
      <Filter>Source Files</Filter>
    </ClCompile>
    <ClCompile Include="ST_PenAlignment.cpp">
      <Filter>Source Files</Filter>
    </ClCompile>
    <ClCompile Include="ST_PositiveCoordinate.cpp">
      <Filter>Source Files</Filter>
    </ClCompile>
    <ClCompile Include="ST_PositiveCoordinate32.cpp">
      <Filter>Source Files</Filter>
    </ClCompile>
    <ClCompile Include="ST_PositiveFixedAngle.cpp">
      <Filter>Source Files</Filter>
    </ClCompile>
    <ClCompile Include="ST_PositiveFixedPercentage.cpp">
      <Filter>Source Files</Filter>
    </ClCompile>
    <ClCompile Include="ST_PositivePercentage.cpp">
      <Filter>Source Files</Filter>
    </ClCompile>
    <ClCompile Include="ST_PresetCameraType.cpp">
      <Filter>Source Files</Filter>
    </ClCompile>
    <ClCompile Include="ST_PresetColorVal.cpp">
      <Filter>Source Files</Filter>
    </ClCompile>
    <ClCompile Include="ST_PresetLineDashVal.cpp">
      <Filter>Source Files</Filter>
    </ClCompile>
    <ClCompile Include="ST_PresetMaterialType.cpp">
      <Filter>Source Files</Filter>
    </ClCompile>
    <ClCompile Include="ST_PresetPatternVal.cpp">
      <Filter>Source Files</Filter>
    </ClCompile>
    <ClCompile Include="ST_PresetShadowVal.cpp">
      <Filter>Source Files</Filter>
    </ClCompile>
    <ClCompile Include="ST_RectAlignment.cpp">
      <Filter>Source Files</Filter>
    </ClCompile>
    <ClCompile Include="ST_SchemeColorVal.cpp">
      <Filter>Source Files</Filter>
    </ClCompile>
    <ClCompile Include="ST_ShapeID.cpp">
      <Filter>Source Files</Filter>
    </ClCompile>
    <ClCompile Include="ST_ShapeType.cpp">
      <Filter>Source Files</Filter>
    </ClCompile>
    <ClCompile Include="ST_SlideId.cpp">
      <Filter>Source Files</Filter>
    </ClCompile>
    <ClCompile Include="ST_SlideLayoutId.cpp">
      <Filter>Source Files</Filter>
    </ClCompile>
    <ClCompile Include="ST_SlideMasterId.cpp">
      <Filter>Source Files</Filter>
    </ClCompile>
    <ClCompile Include="ST_StyleMatrixColumnIndex.cpp">
      <Filter>Source Files</Filter>
    </ClCompile>
    <ClCompile Include="ST_SystemColorVal.cpp">
      <Filter>Source Files</Filter>
    </ClCompile>
    <ClCompile Include="ST_TextAlignType.cpp">
      <Filter>Source Files</Filter>
    </ClCompile>
    <ClCompile Include="ST_TextAnchoringType.cpp">
      <Filter>Source Files</Filter>
    </ClCompile>
    <ClCompile Include="ST_TextAutonumberScheme.cpp">
      <Filter>Source Files</Filter>
    </ClCompile>
    <ClCompile Include="ST_TextBulletSizePercent.cpp">
      <Filter>Source Files</Filter>
    </ClCompile>
    <ClCompile Include="ST_TextBulletStartAtNum.cpp">
      <Filter>Source Files</Filter>
    </ClCompile>
    <ClCompile Include="ST_TextCapsType.cpp">
      <Filter>Source Files</Filter>
    </ClCompile>
    <ClCompile Include="ST_TextColumnCount.cpp">
      <Filter>Source Files</Filter>
    </ClCompile>
    <ClCompile Include="ST_TextFontAlignType.cpp">
      <Filter>Source Files</Filter>
    </ClCompile>
    <ClCompile Include="ST_TextFontScalePercent.cpp">
      <Filter>Source Files</Filter>
    </ClCompile>
    <ClCompile Include="ST_TextFontScalePercentOrPercentString.cpp">
      <Filter>Source Files</Filter>
    </ClCompile>
    <ClCompile Include="ST_TextFontSize.cpp">
      <Filter>Source Files</Filter>
    </ClCompile>
    <ClCompile Include="ST_TextHorzOverflowType.cpp">
      <Filter>Source Files</Filter>
    </ClCompile>
    <ClCompile Include="ST_TextIndent.cpp">
      <Filter>Source Files</Filter>
    </ClCompile>
    <ClCompile Include="ST_TextIndentLevelType.cpp">
      <Filter>Source Files</Filter>
    </ClCompile>
    <ClCompile Include="ST_TextMargin.cpp">
      <Filter>Source Files</Filter>
    </ClCompile>
    <ClCompile Include="ST_TextNonNegativePoint.cpp">
      <Filter>Source Files</Filter>
    </ClCompile>
    <ClCompile Include="ST_TextPoint.cpp">
      <Filter>Source Files</Filter>
    </ClCompile>
    <ClCompile Include="ST_TextPointUnqualified.cpp">
      <Filter>Source Files</Filter>
    </ClCompile>
    <ClCompile Include="ST_TextShapeType.cpp">
      <Filter>Source Files</Filter>
    </ClCompile>
    <ClCompile Include="ST_TextSpacingPercent.cpp">
      <Filter>Source Files</Filter>
    </ClCompile>
    <ClCompile Include="ST_TextSpacingPercentOrPercentString.cpp">
      <Filter>Source Files</Filter>
    </ClCompile>
    <ClCompile Include="ST_TextSpacingPoint.cpp">
      <Filter>Source Files</Filter>
    </ClCompile>
    <ClCompile Include="ST_TextStrikeType.cpp">
      <Filter>Source Files</Filter>
    </ClCompile>
    <ClCompile Include="ST_TextTabAlignType.cpp">
      <Filter>Source Files</Filter>
    </ClCompile>
    <ClCompile Include="ST_TextTypeface.cpp">
      <Filter>Source Files</Filter>
    </ClCompile>
    <ClCompile Include="ST_TextUnderlineType.cpp">
      <Filter>Source Files</Filter>
    </ClCompile>
    <ClCompile Include="ST_TextVerticalType.cpp">
      <Filter>Source Files</Filter>
    </ClCompile>
    <ClCompile Include="ST_TextVertOverflowType.cpp">
      <Filter>Source Files</Filter>
    </ClCompile>
    <ClCompile Include="ST_TextWrappingType.cpp">
      <Filter>Source Files</Filter>
    </ClCompile>
    <ClCompile Include="ST_TileFlipMode.cpp">
      <Filter>Source Files</Filter>
    </ClCompile>
    <ClCompile Include="Bool.cpp">
      <Filter>Source Files</Filter>
    </ClCompile>
    <ClCompile Include="Int.cpp">
      <Filter>Source Files</Filter>
    </ClCompile>
    <ClCompile Include="UInt.cpp">
      <Filter>Source Files</Filter>
    </ClCompile>
    <ClCompile Include="Long.cpp">
      <Filter>Source Files</Filter>
    </ClCompile>
    <ClCompile Include="Byte.cpp">
      <Filter>Source Files</Filter>
    </ClCompile>
    <ClCompile Include="UByte.cpp">
      <Filter>Source Files</Filter>
    </ClCompile>
    <ClCompile Include="ULong.cpp">
      <Filter>Source Files</Filter>
    </ClCompile>
    <ClCompile Include="ST_Guid.cpp">
      <Filter>Source Files</Filter>
    </ClCompile>
    <ClCompile Include="ST_Percentage.cpp">
      <Filter>Source Files</Filter>
    </ClCompile>
    <ClCompile Include="ST_HexColorRGB.cpp">
      <Filter>Source Files</Filter>
    </ClCompile>
    <ClCompile Include="ST_Panose.cpp">
      <Filter>Source Files</Filter>
    </ClCompile>
    <ClCompile Include="ST_CalendarType.cpp">
      <Filter>Source Files</Filter>
    </ClCompile>
    <ClCompile Include="ST_VerticalAlignRun.cpp">
      <Filter>Source Files</Filter>
    </ClCompile>
    <ClCompile Include="ST_XAlign.cpp">
      <Filter>Source Files</Filter>
    </ClCompile>
    <ClCompile Include="ST_YAlign.cpp">
      <Filter>Source Files</Filter>
    </ClCompile>
    <ClCompile Include="ST_ConformanceClass.cpp">
      <Filter>Source Files</Filter>
    </ClCompile>
    <ClCompile Include="ST_UniversalMeasure.cpp">
      <Filter>Source Files</Filter>
    </ClCompile>
    <ClCompile Include="ST_PositiveUniversalMeasure.cpp">
      <Filter>Source Files</Filter>
    </ClCompile>
    <ClCompile Include="ST_TwipsMeasure.cpp">
      <Filter>Source Files</Filter>
    </ClCompile>
  </ItemGroup>
</Project>