<?xml version="1.0" encoding="utf-8"?>
<Project ToolsVersion="4.0" xmlns="http://schemas.microsoft.com/developer/msbuild/2003">
  <ItemGroup>
    <ClCompile Include="dllmain.cpp">
      <Filter>Source Files</Filter>
    </ClCompile>
    <ClCompile Include="Bool.cpp">
      <Filter>Core</Filter>
    </ClCompile>
    <ClCompile Include="Byte.cpp">
      <Filter>Core</Filter>
    </ClCompile>
    <ClCompile Include="Int.cpp">
      <Filter>Core</Filter>
    </ClCompile>
    <ClCompile Include="Long.cpp">
      <Filter>Core</Filter>
    </ClCompile>
    <ClCompile Include="UByte.cpp">
      <Filter>Core</Filter>
    </ClCompile>
    <ClCompile Include="UInt.cpp">
      <Filter>Core</Filter>
    </ClCompile>
    <ClCompile Include="ULong.cpp">
      <Filter>Core</Filter>
    </ClCompile>
    <ClCompile Include="ST_HexColorRGB.cpp">
      <Filter>Common Simple Types</Filter>
    </ClCompile>
    <ClCompile Include="ST_Panose.cpp">
      <Filter>Common Simple Types</Filter>
    </ClCompile>
    <ClCompile Include="ST_Guid.cpp">
      <Filter>Common Simple Types</Filter>
    </ClCompile>
    <ClCompile Include="ST_CalendarType.cpp">
      <Filter>Common Simple Types</Filter>
    </ClCompile>
    <ClCompile Include="ST_TwipsMeasure.cpp">
      <Filter>Common Simple Types</Filter>
    </ClCompile>
    <ClCompile Include="ST_VerticalAlignRun.cpp">
      <Filter>Common Simple Types</Filter>
    </ClCompile>
    <ClCompile Include="ST_XAlign.cpp">
      <Filter>Common Simple Types</Filter>
    </ClCompile>
    <ClCompile Include="ST_YAlign.cpp">
      <Filter>Common Simple Types</Filter>
    </ClCompile>
    <ClCompile Include="ST_ConformanceClass.cpp">
      <Filter>Common Simple Types</Filter>
    </ClCompile>
    <ClCompile Include="ST_UniversalMeasure.cpp">
      <Filter>Common Simple Types</Filter>
    </ClCompile>
    <ClCompile Include="ST_PositiveUniversalMeasure.cpp">
      <Filter>Common Simple Types</Filter>
    </ClCompile>
    <ClCompile Include="ST_Percentage.cpp">
      <Filter>Common Simple Types</Filter>
    </ClCompile>
    <ClCompile Include="ST_PositiveFixedPercentage.cpp">
      <Filter>Common Simple Types</Filter>
    </ClCompile>
    <ClCompile Include="ST_PositivePercentage.cpp">
      <Filter>Common Simple Types</Filter>
    </ClCompile>
    <ClCompile Include="dml-main\CT_AdjPoint2D.cpp">
      <Filter>dml-main</Filter>
    </ClCompile>
    <ClCompile Include="dml-main\CT_AlphaBiLevelEffect.cpp">
      <Filter>dml-main</Filter>
    </ClCompile>
    <ClCompile Include="dml-main\CT_AlphaCeilingEffect.cpp">
      <Filter>dml-main</Filter>
    </ClCompile>
    <ClCompile Include="dml-main\CT_AlphaFloorEffect.cpp">
      <Filter>dml-main</Filter>
    </ClCompile>
    <ClCompile Include="dml-main\CT_AlphaInverseEffect.cpp">
      <Filter>dml-main</Filter>
    </ClCompile>
    <ClCompile Include="dml-main\CT_AlphaModulateEffect.cpp">
      <Filter>dml-main</Filter>
    </ClCompile>
    <ClCompile Include="dml-main\CT_AlphaModulateFixedEffect.cpp">
      <Filter>dml-main</Filter>
    </ClCompile>
    <ClCompile Include="dml-main\CT_AlphaOutsetEffect.cpp">
      <Filter>dml-main</Filter>
    </ClCompile>
    <ClCompile Include="dml-main\CT_AlphaReplaceEffect.cpp">
      <Filter>dml-main</Filter>
    </ClCompile>
    <ClCompile Include="dml-main\CT_Angle.cpp">
      <Filter>dml-main</Filter>
    </ClCompile>
    <ClCompile Include="dml-main\CT_AnimationChartBuildProperties.cpp">
      <Filter>dml-main</Filter>
    </ClCompile>
    <ClCompile Include="dml-main\CT_AnimationChartElement.cpp">
      <Filter>dml-main</Filter>
    </ClCompile>
    <ClCompile Include="dml-main\CT_AnimationDgmBuildProperties.cpp">
      <Filter>dml-main</Filter>
    </ClCompile>
    <ClCompile Include="dml-main\CT_AnimationDgmElement.cpp">
      <Filter>dml-main</Filter>
    </ClCompile>
    <ClCompile Include="dml-main\CT_AudioCD.cpp">
      <Filter>dml-main</Filter>
    </ClCompile>
    <ClCompile Include="dml-main\CT_AudioCDTime.cpp">
      <Filter>dml-main</Filter>
    </ClCompile>
    <ClCompile Include="dml-main\CT_AudioFile.cpp">
      <Filter>dml-main</Filter>
    </ClCompile>
    <ClCompile Include="dml-main\CT_Backdrop.cpp">
      <Filter>dml-main</Filter>
    </ClCompile>
    <ClCompile Include="dml-main\CT_BackgroundFillStyleList.cpp">
      <Filter>dml-main</Filter>
    </ClCompile>
    <ClCompile Include="dml-main\CT_BackgroundFormatting.cpp">
      <Filter>dml-main</Filter>
    </ClCompile>
    <ClCompile Include="dml-main\CT_BaseStyles.cpp">
      <Filter>dml-main</Filter>
    </ClCompile>
    <ClCompile Include="dml-main\CT_BaseStylesOverride.cpp">
      <Filter>dml-main</Filter>
    </ClCompile>
    <ClCompile Include="dml-main\CT_Bevel.cpp">
      <Filter>dml-main</Filter>
    </ClCompile>
    <ClCompile Include="dml-main\CT_BiLevelEffect.cpp">
      <Filter>dml-main</Filter>
    </ClCompile>
    <ClCompile Include="dml-main\CT_BlendEffect.cpp">
      <Filter>dml-main</Filter>
    </ClCompile>
    <ClCompile Include="dml-main\CT_BlipFillProperties.cpp">
      <Filter>dml-main</Filter>
    </ClCompile>
    <ClCompile Include="dml-main\CT_BlurEffect.cpp">
      <Filter>dml-main</Filter>
    </ClCompile>
    <ClCompile Include="dml-main\CT_Boolean.cpp">
      <Filter>dml-main</Filter>
    </ClCompile>
    <ClCompile Include="dml-main\CT_Camera.cpp">
      <Filter>dml-main</Filter>
    </ClCompile>
    <ClCompile Include="dml-main\CT_Cell3D.cpp">
      <Filter>dml-main</Filter>
    </ClCompile>
    <ClCompile Include="dml-main\CT_ClipboardStyleSheet.cpp">
      <Filter>dml-main</Filter>
    </ClCompile>
    <ClCompile Include="dml-main\CT_Color.cpp">
      <Filter>dml-main</Filter>
    </ClCompile>
    <ClCompile Include="dml-main\CT_ColorChangeEffect.cpp">
      <Filter>dml-main</Filter>
    </ClCompile>
    <ClCompile Include="dml-main\CT_ColorMapping.cpp">
      <Filter>dml-main</Filter>
    </ClCompile>
    <ClCompile Include="dml-main\CT_ColorMRU.cpp">
      <Filter>dml-main</Filter>
    </ClCompile>
    <ClCompile Include="dml-main\CT_ColorReplaceEffect.cpp">
      <Filter>dml-main</Filter>
    </ClCompile>
    <ClCompile Include="dml-main\CT_ColorScheme.cpp">
      <Filter>dml-main</Filter>
    </ClCompile>
    <ClCompile Include="dml-main\CT_ColorSchemeAndMapping.cpp">
      <Filter>dml-main</Filter>
    </ClCompile>
    <ClCompile Include="dml-main\CT_ColorSchemeList.cpp">
      <Filter>dml-main</Filter>
    </ClCompile>
    <ClCompile Include="dml-main\CT_ComplementTransform.cpp">
      <Filter>dml-main</Filter>
    </ClCompile>
    <ClCompile Include="dml-main\CT_Connection.cpp">
      <Filter>dml-main</Filter>
    </ClCompile>
    <ClCompile Include="dml-main\CT_ConnectionSite.cpp">
      <Filter>dml-main</Filter>
    </ClCompile>
    <ClCompile Include="dml-main\CT_ConnectionSiteList.cpp">
      <Filter>dml-main</Filter>
    </ClCompile>
    <ClCompile Include="dml-main\CT_ConnectorLocking.cpp">
      <Filter>dml-main</Filter>
    </ClCompile>
    <ClCompile Include="dml-main\CT_CustomColor.cpp">
      <Filter>dml-main</Filter>
    </ClCompile>
    <ClCompile Include="dml-main\CT_CustomColorList.cpp">
      <Filter>dml-main</Filter>
    </ClCompile>
    <ClCompile Include="dml-main\CT_CustomGeometry2D.cpp">
      <Filter>dml-main</Filter>
    </ClCompile>
    <ClCompile Include="dml-main\CT_DashStop.cpp">
      <Filter>dml-main</Filter>
    </ClCompile>
    <ClCompile Include="dml-main\CT_DashStopList.cpp">
      <Filter>dml-main</Filter>
    </ClCompile>
    <ClCompile Include="dml-main\CT_DefaultShapeDefinition.cpp">
      <Filter>dml-main</Filter>
    </ClCompile>
    <ClCompile Include="dml-main\CT_DuotoneEffect.cpp">
      <Filter>dml-main</Filter>
    </ClCompile>
    <ClCompile Include="dml-main\CT_EffectContainer.cpp">
      <Filter>dml-main</Filter>
    </ClCompile>
    <ClCompile Include="dml-main\CT_EffectList.cpp">
      <Filter>dml-main</Filter>
    </ClCompile>
    <ClCompile Include="dml-main\CT_EffectProperties.cpp">
      <Filter>dml-main</Filter>
    </ClCompile>
    <ClCompile Include="dml-main\CT_EffectReference.cpp">
      <Filter>dml-main</Filter>
    </ClCompile>
    <ClCompile Include="dml-main\CT_EffectStyleItem.cpp">
      <Filter>dml-main</Filter>
    </ClCompile>
    <ClCompile Include="dml-main\CT_EffectStyleList.cpp">
      <Filter>dml-main</Filter>
    </ClCompile>
    <ClCompile Include="dml-main\CT_EmbeddedWAVAudioFile.cpp">
      <Filter>dml-main</Filter>
    </ClCompile>
    <ClCompile Include="dml-main\CT_EmptyElement.cpp">
      <Filter>dml-main</Filter>
    </ClCompile>
    <ClCompile Include="dml-main\CT_FillEffect.cpp">
      <Filter>dml-main</Filter>
    </ClCompile>
    <ClCompile Include="dml-main\CT_FillOverlayEffect.cpp">
      <Filter>dml-main</Filter>
    </ClCompile>
    <ClCompile Include="dml-main\CT_FillProperties.cpp">
      <Filter>dml-main</Filter>
    </ClCompile>
    <ClCompile Include="dml-main\CT_FillStyleList.cpp">
      <Filter>dml-main</Filter>
    </ClCompile>
    <ClCompile Include="dml-main\CT_FixedPercentage.cpp">
      <Filter>dml-main</Filter>
    </ClCompile>
    <ClCompile Include="dml-main\CT_FlatText.cpp">
      <Filter>dml-main</Filter>
    </ClCompile>
    <ClCompile Include="dml-main\CT_FontCollection.cpp">
      <Filter>dml-main</Filter>
    </ClCompile>
    <ClCompile Include="dml-main\CT_FontReference.cpp">
      <Filter>dml-main</Filter>
    </ClCompile>
    <ClCompile Include="dml-main\CT_FontScheme.cpp">
      <Filter>dml-main</Filter>
    </ClCompile>
    <ClCompile Include="dml-main\CT_GammaTransform.cpp">
      <Filter>dml-main</Filter>
    </ClCompile>
    <ClCompile Include="dml-main\CT_GeomGuide.cpp">
      <Filter>dml-main</Filter>
    </ClCompile>
    <ClCompile Include="dml-main\CT_GeomGuideList.cpp">
      <Filter>dml-main</Filter>
    </ClCompile>
    <ClCompile Include="dml-main\CT_GeomRect.cpp">
      <Filter>dml-main</Filter>
    </ClCompile>
    <ClCompile Include="dml-main\CT_GlowEffect.cpp">
      <Filter>dml-main</Filter>
    </ClCompile>
    <ClCompile Include="dml-main\CT_GradientFillProperties.cpp">
      <Filter>dml-main</Filter>
    </ClCompile>
    <ClCompile Include="dml-main\CT_GradientStop.cpp">
      <Filter>dml-main</Filter>
    </ClCompile>
    <ClCompile Include="dml-main\CT_GradientStopList.cpp">
      <Filter>dml-main</Filter>
    </ClCompile>
    <ClCompile Include="dml-main\CT_GraphicalObject.cpp">
      <Filter>dml-main</Filter>
    </ClCompile>
    <ClCompile Include="dml-main\CT_GraphicalObjectData.cpp">
      <Filter>dml-main</Filter>
    </ClCompile>
    <ClCompile Include="dml-main\CT_GraphicalObjectFrameLocking.cpp">
      <Filter>dml-main</Filter>
    </ClCompile>
    <ClCompile Include="dml-main\CT_GrayscaleEffect.cpp">
      <Filter>dml-main</Filter>
    </ClCompile>
    <ClCompile Include="dml-main\CT_GrayscaleTransform.cpp">
      <Filter>dml-main</Filter>
    </ClCompile>
    <ClCompile Include="dml-main\CT_GroupFillProperties.cpp">
      <Filter>dml-main</Filter>
    </ClCompile>
    <ClCompile Include="dml-main\CT_GroupLocking.cpp">
      <Filter>dml-main</Filter>
    </ClCompile>
    <ClCompile Include="dml-main\CT_GroupShapeProperties.cpp">
      <Filter>dml-main</Filter>
    </ClCompile>
    <ClCompile Include="dml-main\CT_GroupTransform2D.cpp">
      <Filter>dml-main</Filter>
    </ClCompile>
    <ClCompile Include="dml-main\CT_GvmlConnector.cpp">
      <Filter>dml-main</Filter>
    </ClCompile>
    <ClCompile Include="dml-main\CT_GvmlConnectorNonVisual.cpp">
      <Filter>dml-main</Filter>
    </ClCompile>
    <ClCompile Include="dml-main\CT_GvmlGraphicalObjectFrame.cpp">
      <Filter>dml-main</Filter>
    </ClCompile>
    <ClCompile Include="dml-main\CT_GvmlGraphicFrameNonVisual.cpp">
      <Filter>dml-main</Filter>
    </ClCompile>
    <ClCompile Include="dml-main\CT_GvmlGroupShapeNonVisual.cpp">
      <Filter>dml-main</Filter>
    </ClCompile>
    <ClCompile Include="dml-main\CT_GvmlPicture.cpp">
      <Filter>dml-main</Filter>
    </ClCompile>
    <ClCompile Include="dml-main\CT_GvmlPictureNonVisual.cpp">
      <Filter>dml-main</Filter>
    </ClCompile>
    <ClCompile Include="dml-main\CT_GvmlShape.cpp">
      <Filter>dml-main</Filter>
    </ClCompile>
    <ClCompile Include="dml-main\CT_GvmlShapeNonVisual.cpp">
      <Filter>dml-main</Filter>
    </ClCompile>
    <ClCompile Include="dml-main\CT_GvmlUseShapeRectangle.cpp">
      <Filter>dml-main</Filter>
    </ClCompile>
    <ClCompile Include="dml-main\CT_Headers.cpp">
      <Filter>dml-main</Filter>
    </ClCompile>
    <ClCompile Include="dml-main\CT_HslColor.cpp">
      <Filter>dml-main</Filter>
    </ClCompile>
    <ClCompile Include="dml-main\CT_HSLEffect.cpp">
      <Filter>dml-main</Filter>
    </ClCompile>
    <ClCompile Include="dml-main\CT_Hyperlink.cpp">
      <Filter>dml-main</Filter>
    </ClCompile>
    <ClCompile Include="dml-main\CT_InnerShadowEffect.cpp">
      <Filter>dml-main</Filter>
    </ClCompile>
    <ClCompile Include="dml-main\CT_InverseGammaTransform.cpp">
      <Filter>dml-main</Filter>
    </ClCompile>
    <ClCompile Include="dml-main\CT_InverseTransform.cpp">
      <Filter>dml-main</Filter>
    </ClCompile>
    <ClCompile Include="dml-main\CT_LightRig.cpp">
      <Filter>dml-main</Filter>
    </ClCompile>
    <ClCompile Include="dml-main\CT_LinearShadeProperties.cpp">
      <Filter>dml-main</Filter>
    </ClCompile>
    <ClCompile Include="dml-main\CT_LineEndProperties.cpp">
      <Filter>dml-main</Filter>
    </ClCompile>
    <ClCompile Include="dml-main\CT_LineJoinBevel.cpp">
      <Filter>dml-main</Filter>
    </ClCompile>
    <ClCompile Include="dml-main\CT_LineJoinMiterProperties.cpp">
      <Filter>dml-main</Filter>
    </ClCompile>
    <ClCompile Include="dml-main\CT_LineJoinRound.cpp">
      <Filter>dml-main</Filter>
    </ClCompile>
    <ClCompile Include="dml-main\CT_LineProperties.cpp">
      <Filter>dml-main</Filter>
    </ClCompile>
    <ClCompile Include="dml-main\CT_LineStyleList.cpp">
      <Filter>dml-main</Filter>
    </ClCompile>
    <ClCompile Include="dml-main\CT_LuminanceEffect.cpp">
      <Filter>dml-main</Filter>
    </ClCompile>
    <ClCompile Include="dml-main\CT_NoFillProperties.cpp">
      <Filter>dml-main</Filter>
    </ClCompile>
    <ClCompile Include="dml-main\CT_NonVisualConnectorProperties.cpp">
      <Filter>dml-main</Filter>
    </ClCompile>
    <ClCompile Include="dml-main\CT_NonVisualDrawingProps.cpp">
      <Filter>dml-main</Filter>
    </ClCompile>
    <ClCompile Include="dml-main\CT_NonVisualDrawingShapeProps.cpp">
      <Filter>dml-main</Filter>
    </ClCompile>
    <ClCompile Include="dml-main\CT_NonVisualGraphicFrameProperties.cpp">
      <Filter>dml-main</Filter>
    </ClCompile>
    <ClCompile Include="dml-main\CT_NonVisualGroupDrawingShapeProps.cpp">
      <Filter>dml-main</Filter>
    </ClCompile>
    <ClCompile Include="dml-main\CT_NonVisualPictureProperties.cpp">
      <Filter>dml-main</Filter>
    </ClCompile>
    <ClCompile Include="dml-main\CT_ObjectStyleDefaults.cpp">
      <Filter>dml-main</Filter>
    </ClCompile>
    <ClCompile Include="dml-main\CT_OfficeArtExtension.cpp">
      <Filter>dml-main</Filter>
    </ClCompile>
    <ClCompile Include="dml-main\CT_OfficeArtExtensionList.cpp">
      <Filter>dml-main</Filter>
    </ClCompile>
    <ClCompile Include="dml-main\CT_OfficeStyleSheet.cpp">
      <Filter>dml-main</Filter>
    </ClCompile>
    <ClCompile Include="dml-main\CT_OuterShadowEffect.cpp">
      <Filter>dml-main</Filter>
    </ClCompile>
    <ClCompile Include="dml-main\CT_Path2DArcTo.cpp">
      <Filter>dml-main</Filter>
    </ClCompile>
    <ClCompile Include="dml-main\CT_Path2DClose.cpp">
      <Filter>dml-main</Filter>
    </ClCompile>
    <ClCompile Include="dml-main\CT_Path2DCubicBezierTo.cpp">
      <Filter>dml-main</Filter>
    </ClCompile>
    <ClCompile Include="dml-main\CT_Path2DLineTo.cpp">
      <Filter>dml-main</Filter>
    </ClCompile>
    <ClCompile Include="dml-main\CT_Path2DList.cpp">
      <Filter>dml-main</Filter>
    </ClCompile>
    <ClCompile Include="dml-main\CT_Path2DMoveTo.cpp">
      <Filter>dml-main</Filter>
    </ClCompile>
    <ClCompile Include="dml-main\CT_Path2DQuadBezierTo.cpp">
      <Filter>dml-main</Filter>
    </ClCompile>
    <ClCompile Include="dml-main\CT_PathShadeProperties.cpp">
      <Filter>dml-main</Filter>
    </ClCompile>
    <ClCompile Include="dml-main\CT_PatternFillProperties.cpp">
      <Filter>dml-main</Filter>
    </ClCompile>
    <ClCompile Include="dml-main\CT_Percentage.cpp">
      <Filter>dml-main</Filter>
    </ClCompile>
    <ClCompile Include="dml-main\CT_PictureLocking.cpp">
      <Filter>dml-main</Filter>
    </ClCompile>
    <ClCompile Include="dml-main\CT_Point2D.cpp">
      <Filter>dml-main</Filter>
    </ClCompile>
    <ClCompile Include="dml-main\CT_Point3D.cpp">
      <Filter>dml-main</Filter>
    </ClCompile>
    <ClCompile Include="dml-main\CT_PolarAdjustHandle.cpp">
      <Filter>dml-main</Filter>
    </ClCompile>
    <ClCompile Include="dml-main\CT_PositiveFixedAngle.cpp">
      <Filter>dml-main</Filter>
    </ClCompile>
    <ClCompile Include="dml-main\CT_PositiveFixedPercentage.cpp">
      <Filter>dml-main</Filter>
    </ClCompile>
    <ClCompile Include="dml-main\CT_PositivePercentage.cpp">
      <Filter>dml-main</Filter>
    </ClCompile>
    <ClCompile Include="dml-main\CT_PositiveSize2D.cpp">
      <Filter>dml-main</Filter>
    </ClCompile>
    <ClCompile Include="dml-main\CT_PresetColor.cpp">
      <Filter>dml-main</Filter>
    </ClCompile>
    <ClCompile Include="dml-main\CT_PresetGeometry2D.cpp">
      <Filter>dml-main</Filter>
    </ClCompile>
    <ClCompile Include="dml-main\CT_PresetLineDashProperties.cpp">
      <Filter>dml-main</Filter>
    </ClCompile>
    <ClCompile Include="dml-main\CT_PresetShadowEffect.cpp">
      <Filter>dml-main</Filter>
    </ClCompile>
    <ClCompile Include="dml-main\CT_PresetTextShape.cpp">
      <Filter>dml-main</Filter>
    </ClCompile>
    <ClCompile Include="dml-main\CT_QuickTimeFile.cpp">
      <Filter>dml-main</Filter>
    </ClCompile>
    <ClCompile Include="dml-main\CT_Ratio.cpp">
      <Filter>dml-main</Filter>
    </ClCompile>
    <ClCompile Include="dml-main\CT_ReflectionEffect.cpp">
      <Filter>dml-main</Filter>
    </ClCompile>
    <ClCompile Include="dml-main\CT_RegularTextRun.cpp">
      <Filter>dml-main</Filter>
    </ClCompile>
    <ClCompile Include="dml-main\CT_RelativeOffsetEffect.cpp">
      <Filter>dml-main</Filter>
    </ClCompile>
    <ClCompile Include="dml-main\CT_RelativeRect.cpp">
      <Filter>dml-main</Filter>
    </ClCompile>
    <ClCompile Include="dml-main\CT_Scale2D.cpp">
      <Filter>dml-main</Filter>
    </ClCompile>
    <ClCompile Include="dml-main\CT_Scene3D.cpp">
      <Filter>dml-main</Filter>
    </ClCompile>
    <ClCompile Include="dml-main\CT_SchemeColor.cpp">
      <Filter>dml-main</Filter>
    </ClCompile>
    <ClCompile Include="dml-main\CT_ScRgbColor.cpp">
      <Filter>dml-main</Filter>
    </ClCompile>
    <ClCompile Include="dml-main\CT_Shape3D.cpp">
      <Filter>dml-main</Filter>
    </ClCompile>
    <ClCompile Include="dml-main\CT_ShapeLocking.cpp">
      <Filter>dml-main</Filter>
    </ClCompile>
    <ClCompile Include="dml-main\CT_ShapeProperties.cpp">
      <Filter>dml-main</Filter>
    </ClCompile>
    <ClCompile Include="dml-main\CT_ShapeStyle.cpp">
      <Filter>dml-main</Filter>
    </ClCompile>
    <ClCompile Include="dml-main\CT_SoftEdgesEffect.cpp">
      <Filter>dml-main</Filter>
    </ClCompile>
    <ClCompile Include="dml-main\CT_SolidColorFillProperties.cpp">
      <Filter>dml-main</Filter>
    </ClCompile>
    <ClCompile Include="dml-main\CT_SphereCoords.cpp">
      <Filter>dml-main</Filter>
    </ClCompile>
    <ClCompile Include="dml-main\CT_SRgbColor.cpp">
      <Filter>dml-main</Filter>
    </ClCompile>
    <ClCompile Include="dml-main\CT_StretchInfoProperties.cpp">
      <Filter>dml-main</Filter>
    </ClCompile>
    <ClCompile Include="dml-main\CT_StyleMatrix.cpp">
      <Filter>dml-main</Filter>
    </ClCompile>
    <ClCompile Include="dml-main\CT_StyleMatrixReference.cpp">
      <Filter>dml-main</Filter>
    </ClCompile>
    <ClCompile Include="dml-main\CT_SupplementalFont.cpp">
      <Filter>dml-main</Filter>
    </ClCompile>
    <ClCompile Include="dml-main\CT_SystemColor.cpp">
      <Filter>dml-main</Filter>
    </ClCompile>
    <ClCompile Include="dml-main\CT_Table.cpp">
      <Filter>dml-main</Filter>
    </ClCompile>
    <ClCompile Include="dml-main\CT_TableBackgroundStyle.cpp">
      <Filter>dml-main</Filter>
    </ClCompile>
    <ClCompile Include="dml-main\CT_TableCell.cpp">
      <Filter>dml-main</Filter>
    </ClCompile>
    <ClCompile Include="dml-main\CT_TableCellBorderStyle.cpp">
      <Filter>dml-main</Filter>
    </ClCompile>
    <ClCompile Include="dml-main\CT_TableCellProperties.cpp">
      <Filter>dml-main</Filter>
    </ClCompile>
    <ClCompile Include="dml-main\CT_TableCol.cpp">
      <Filter>dml-main</Filter>
    </ClCompile>
    <ClCompile Include="dml-main\CT_TableGrid.cpp">
      <Filter>dml-main</Filter>
    </ClCompile>
    <ClCompile Include="dml-main\CT_TablePartStyle.cpp">
      <Filter>dml-main</Filter>
    </ClCompile>
    <ClCompile Include="dml-main\CT_TableRow.cpp">
      <Filter>dml-main</Filter>
    </ClCompile>
    <ClCompile Include="dml-main\CT_TableStyle.cpp">
      <Filter>dml-main</Filter>
    </ClCompile>
    <ClCompile Include="dml-main\CT_TableStyleCellStyle.cpp">
      <Filter>dml-main</Filter>
    </ClCompile>
    <ClCompile Include="dml-main\CT_TableStyleList.cpp">
      <Filter>dml-main</Filter>
    </ClCompile>
    <ClCompile Include="dml-main\CT_TableStyleTextStyle.cpp">
      <Filter>dml-main</Filter>
    </ClCompile>
    <ClCompile Include="dml-main\CT_TextAutonumberBullet.cpp">
      <Filter>dml-main</Filter>
    </ClCompile>
    <ClCompile Include="dml-main\CT_TextBlipBullet.cpp">
      <Filter>dml-main</Filter>
    </ClCompile>
    <ClCompile Include="dml-main\CT_TextBody.cpp">
      <Filter>dml-main</Filter>
    </ClCompile>
    <ClCompile Include="dml-main\CT_TextBodyProperties.cpp">
      <Filter>dml-main</Filter>
    </ClCompile>
    <ClCompile Include="dml-main\CT_TextBulletColorFollowText.cpp">
      <Filter>dml-main</Filter>
    </ClCompile>
    <ClCompile Include="dml-main\CT_TextBulletSizeFollowText.cpp">
      <Filter>dml-main</Filter>
    </ClCompile>
    <ClCompile Include="dml-main\CT_TextBulletSizePercent.cpp">
      <Filter>dml-main</Filter>
    </ClCompile>
    <ClCompile Include="dml-main\CT_TextBulletSizePoint.cpp">
      <Filter>dml-main</Filter>
    </ClCompile>
    <ClCompile Include="dml-main\CT_TextBulletTypefaceFollowText.cpp">
      <Filter>dml-main</Filter>
    </ClCompile>
    <ClCompile Include="dml-main\CT_TextCharacterProperties.cpp">
      <Filter>dml-main</Filter>
    </ClCompile>
    <ClCompile Include="dml-main\CT_TextCharBullet.cpp">
      <Filter>dml-main</Filter>
    </ClCompile>
    <ClCompile Include="dml-main\CT_TextField.cpp">
      <Filter>dml-main</Filter>
    </ClCompile>
    <ClCompile Include="dml-main\CT_TextFont.cpp">
      <Filter>dml-main</Filter>
    </ClCompile>
    <ClCompile Include="dml-main\CT_TextLineBreak.cpp">
      <Filter>dml-main</Filter>
    </ClCompile>
    <ClCompile Include="dml-main\CT_TextListStyle.cpp">
      <Filter>dml-main</Filter>
    </ClCompile>
    <ClCompile Include="dml-main\CT_TextNoAutofit.cpp">
      <Filter>dml-main</Filter>
    </ClCompile>
    <ClCompile Include="dml-main\CT_TextNoBullet.cpp">
      <Filter>dml-main</Filter>
    </ClCompile>
    <ClCompile Include="dml-main\CT_TextNormalAutofit.cpp">
      <Filter>dml-main</Filter>
    </ClCompile>
    <ClCompile Include="dml-main\CT_TextParagraph.cpp">
      <Filter>dml-main</Filter>
    </ClCompile>
    <ClCompile Include="dml-main\CT_TextParagraphProperties.cpp">
      <Filter>dml-main</Filter>
    </ClCompile>
    <ClCompile Include="dml-main\CT_TextShapeAutofit.cpp">
      <Filter>dml-main</Filter>
    </ClCompile>
    <ClCompile Include="dml-main\CT_TextSpacingPercent.cpp">
      <Filter>dml-main</Filter>
    </ClCompile>
    <ClCompile Include="dml-main\CT_TextSpacingPoint.cpp">
      <Filter>dml-main</Filter>
    </ClCompile>
    <ClCompile Include="dml-main\CT_TextTabStop.cpp">
      <Filter>dml-main</Filter>
    </ClCompile>
    <ClCompile Include="dml-main\CT_TextTabStopList.cpp">
      <Filter>dml-main</Filter>
    </ClCompile>
    <ClCompile Include="dml-main\CT_TextUnderlineFillFollowText.cpp">
      <Filter>dml-main</Filter>
    </ClCompile>
    <ClCompile Include="dml-main\CT_TextUnderlineFillGroupWrapper.cpp">
      <Filter>dml-main</Filter>
    </ClCompile>
    <ClCompile Include="dml-main\CT_TextUnderlineLineFollowText.cpp">
      <Filter>dml-main</Filter>
    </ClCompile>
    <ClCompile Include="dml-main\CT_ThemeableLineStyle.cpp">
      <Filter>dml-main</Filter>
    </ClCompile>
    <ClCompile Include="dml-main\CT_TileInfoProperties.cpp">
      <Filter>dml-main</Filter>
    </ClCompile>
    <ClCompile Include="dml-main\CT_TintEffect.cpp">
      <Filter>dml-main</Filter>
    </ClCompile>
    <ClCompile Include="dml-main\CT_Transform2D.cpp">
      <Filter>dml-main</Filter>
    </ClCompile>
    <ClCompile Include="dml-main\CT_TransformEffect.cpp">
      <Filter>dml-main</Filter>
    </ClCompile>
    <ClCompile Include="dml-main\CT_Vector3D.cpp">
      <Filter>dml-main</Filter>
    </ClCompile>
    <ClCompile Include="dml-main\CT_VideoFile.cpp">
      <Filter>dml-main</Filter>
    </ClCompile>
    <ClCompile Include="dml-main\CT_WholeE2oFormatting.cpp">
      <Filter>dml-main</Filter>
    </ClCompile>
    <ClCompile Include="dml-main\CT_XYAdjustHandle.cpp">
      <Filter>dml-main</Filter>
    </ClCompile>
    <ClCompile Include="dml-main\EG_ColorChoice.cpp">
      <Filter>dml-main</Filter>
    </ClCompile>
    <ClCompile Include="dml-main\EG_Effect.cpp">
      <Filter>dml-main</Filter>
    </ClCompile>
    <ClCompile Include="dml-main\EG_EffectProperties.cpp">
      <Filter>dml-main</Filter>
    </ClCompile>
    <ClCompile Include="dml-main\EG_FillModeProperties.cpp">
      <Filter>dml-main</Filter>
    </ClCompile>
    <ClCompile Include="dml-main\EG_FillProperties.cpp">
      <Filter>dml-main</Filter>
    </ClCompile>
    <ClCompile Include="dml-main\EG_Geometry.cpp">
      <Filter>dml-main</Filter>
    </ClCompile>
    <ClCompile Include="dml-main\EG_LineDashProperties.cpp">
      <Filter>dml-main</Filter>
    </ClCompile>
    <ClCompile Include="dml-main\EG_LineFillProperties.cpp">
      <Filter>dml-main</Filter>
    </ClCompile>
    <ClCompile Include="dml-main\EG_LineJoinProperties.cpp">
      <Filter>dml-main</Filter>
    </ClCompile>
    <ClCompile Include="dml-main\EG_ShadeProperties.cpp">
      <Filter>dml-main</Filter>
    </ClCompile>
    <ClCompile Include="dml-main\EG_Text3D.cpp">
      <Filter>dml-main</Filter>
    </ClCompile>
    <ClCompile Include="dml-main\EG_TextAutofit.cpp">
      <Filter>dml-main</Filter>
    </ClCompile>
    <ClCompile Include="dml-main\EG_TextBullet.cpp">
      <Filter>dml-main</Filter>
    </ClCompile>
    <ClCompile Include="dml-main\EG_TextBulletColor.cpp">
      <Filter>dml-main</Filter>
    </ClCompile>
    <ClCompile Include="dml-main\EG_TextBulletSize.cpp">
      <Filter>dml-main</Filter>
    </ClCompile>
    <ClCompile Include="dml-main\EG_TextBulletTypeface.cpp">
      <Filter>dml-main</Filter>
    </ClCompile>
    <ClCompile Include="dml-main\EG_TextGeometry.cpp">
      <Filter>dml-main</Filter>
    </ClCompile>
    <ClCompile Include="dml-main\EG_TextRun.cpp">
      <Filter>dml-main</Filter>
    </ClCompile>
    <ClCompile Include="dml-main\EG_TextUnderlineFill.cpp">
      <Filter>dml-main</Filter>
    </ClCompile>
    <ClCompile Include="dml-main\EG_TextUnderlineLine.cpp">
      <Filter>dml-main</Filter>
    </ClCompile>
    <ClCompile Include="dml-main\EG_ThemeableEffectStyle.cpp">
      <Filter>dml-main</Filter>
    </ClCompile>
    <ClCompile Include="dml-main\EG_ThemeableFillStyle.cpp">
      <Filter>dml-main</Filter>
    </ClCompile>
    <ClCompile Include="dml-main\EG_ThemeableFontStyles.cpp">
      <Filter>dml-main</Filter>
    </ClCompile>
    <ClCompile Include="dml-main\ST_AdjAngle.cpp">
      <Filter>dml-main</Filter>
    </ClCompile>
    <ClCompile Include="dml-main\ST_AdjCoordinate.cpp">
      <Filter>dml-main</Filter>
    </ClCompile>
    <ClCompile Include="dml-main\ST_AnimationBuildType.cpp">
      <Filter>dml-main</Filter>
    </ClCompile>
    <ClCompile Include="dml-main\ST_AnimationChartBuildType.cpp">
      <Filter>dml-main</Filter>
    </ClCompile>
    <ClCompile Include="dml-main\ST_AnimationChartOnlyBuildType.cpp">
      <Filter>dml-main</Filter>
    </ClCompile>
    <ClCompile Include="dml-main\ST_AnimationDgmBuildType.cpp">
      <Filter>dml-main</Filter>
    </ClCompile>
    <ClCompile Include="dml-main\ST_AnimationDgmOnlyBuildType.cpp">
      <Filter>dml-main</Filter>
    </ClCompile>
    <ClCompile Include="dml-main\ST_BevelPresetType.cpp">
      <Filter>dml-main</Filter>
    </ClCompile>
    <ClCompile Include="dml-main\ST_BlackWhiteMode.cpp">
      <Filter>dml-main</Filter>
    </ClCompile>
    <ClCompile Include="dml-main\ST_BlendMode.cpp">
      <Filter>dml-main</Filter>
    </ClCompile>
    <ClCompile Include="dml-main\ST_BlipCompression.cpp">
      <Filter>dml-main</Filter>
    </ClCompile>
    <ClCompile Include="dml-main\ST_ChartBuildStep.cpp">
      <Filter>dml-main</Filter>
    </ClCompile>
    <ClCompile Include="dml-main\ST_ColorSchemeIndex.cpp">
      <Filter>dml-main</Filter>
    </ClCompile>
    <ClCompile Include="dml-main\ST_CompoundLine.cpp">
      <Filter>dml-main</Filter>
    </ClCompile>
    <ClCompile Include="dml-main\ST_Coordinate.cpp">
      <Filter>dml-main</Filter>
    </ClCompile>
    <ClCompile Include="dml-main\ST_Coordinate32.cpp">
      <Filter>dml-main</Filter>
    </ClCompile>
    <ClCompile Include="dml-main\ST_CoordinateUnqualified.cpp">
      <Filter>dml-main</Filter>
    </ClCompile>
    <ClCompile Include="dml-main\ST_DgmBuildStep.cpp">
      <Filter>dml-main</Filter>
    </ClCompile>
    <ClCompile Include="dml-main\ST_EffectContainerType.cpp">
      <Filter>dml-main</Filter>
    </ClCompile>
    <ClCompile Include="dml-main\ST_FixedAngle.cpp">
      <Filter>dml-main</Filter>
    </ClCompile>
    <ClCompile Include="dml-main\ST_FontCollectionIndex.cpp">
      <Filter>dml-main</Filter>
    </ClCompile>
    <ClCompile Include="dml-main\ST_FOVAngle.cpp">
      <Filter>dml-main</Filter>
    </ClCompile>
    <ClCompile Include="dml-main\ST_LightRigDirection.cpp">
      <Filter>dml-main</Filter>
    </ClCompile>
    <ClCompile Include="dml-main\ST_LightRigType.cpp">
      <Filter>dml-main</Filter>
    </ClCompile>
    <ClCompile Include="dml-main\ST_LineCap.cpp">
      <Filter>dml-main</Filter>
    </ClCompile>
    <ClCompile Include="dml-main\ST_LineEndLength.cpp">
      <Filter>dml-main</Filter>
    </ClCompile>
    <ClCompile Include="dml-main\ST_LineEndType.cpp">
      <Filter>dml-main</Filter>
    </ClCompile>
    <ClCompile Include="dml-main\ST_LineEndWidth.cpp">
      <Filter>dml-main</Filter>
    </ClCompile>
    <ClCompile Include="dml-main\ST_LineWidth.cpp">
      <Filter>dml-main</Filter>
    </ClCompile>
    <ClCompile Include="dml-main\ST_OnOffStyleType.cpp">
      <Filter>dml-main</Filter>
    </ClCompile>
    <ClCompile Include="dml-main\ST_PathFillMode.cpp">
      <Filter>dml-main</Filter>
    </ClCompile>
    <ClCompile Include="dml-main\ST_PathShadeType.cpp">
      <Filter>dml-main</Filter>
    </ClCompile>
    <ClCompile Include="dml-main\ST_PenAlignment.cpp">
      <Filter>dml-main</Filter>
    </ClCompile>
    <ClCompile Include="dml-main\ST_PositiveCoordinate.cpp">
      <Filter>dml-main</Filter>
    </ClCompile>
    <ClCompile Include="dml-main\ST_PositiveCoordinate32.cpp">
      <Filter>dml-main</Filter>
    </ClCompile>
    <ClCompile Include="dml-main\ST_PositiveFixedAngle.cpp">
      <Filter>dml-main</Filter>
    </ClCompile>
    <ClCompile Include="dml-main\ST_PresetCameraType.cpp">
      <Filter>dml-main</Filter>
    </ClCompile>
    <ClCompile Include="dml-main\ST_PresetColorVal.cpp">
      <Filter>dml-main</Filter>
    </ClCompile>
    <ClCompile Include="dml-main\ST_PresetLineDashVal.cpp">
      <Filter>dml-main</Filter>
    </ClCompile>
    <ClCompile Include="dml-main\ST_PresetMaterialType.cpp">
      <Filter>dml-main</Filter>
    </ClCompile>
    <ClCompile Include="dml-main\ST_PresetPatternVal.cpp">
      <Filter>dml-main</Filter>
    </ClCompile>
    <ClCompile Include="dml-main\ST_PresetShadowVal.cpp">
      <Filter>dml-main</Filter>
    </ClCompile>
    <ClCompile Include="dml-main\ST_RectAlignment.cpp">
      <Filter>dml-main</Filter>
    </ClCompile>
    <ClCompile Include="dml-main\ST_SchemeColorVal.cpp">
      <Filter>dml-main</Filter>
    </ClCompile>
    <ClCompile Include="dml-main\ST_ShapeType.cpp">
      <Filter>dml-main</Filter>
    </ClCompile>
    <ClCompile Include="dml-main\ST_SystemColorVal.cpp">
      <Filter>dml-main</Filter>
    </ClCompile>
    <ClCompile Include="dml-main\ST_TextAlignType.cpp">
      <Filter>dml-main</Filter>
    </ClCompile>
    <ClCompile Include="dml-main\ST_TextAnchoringType.cpp">
      <Filter>dml-main</Filter>
    </ClCompile>
    <ClCompile Include="dml-main\ST_TextAutonumberScheme.cpp">
      <Filter>dml-main</Filter>
    </ClCompile>
    <ClCompile Include="dml-main\ST_TextBulletSizePercent.cpp">
      <Filter>dml-main</Filter>
    </ClCompile>
    <ClCompile Include="dml-main\ST_TextBulletStartAtNum.cpp">
      <Filter>dml-main</Filter>
    </ClCompile>
    <ClCompile Include="dml-main\ST_TextCapsType.cpp">
      <Filter>dml-main</Filter>
    </ClCompile>
    <ClCompile Include="dml-main\ST_TextColumnCount.cpp">
      <Filter>dml-main</Filter>
    </ClCompile>
    <ClCompile Include="dml-main\ST_TextFontAlignType.cpp">
      <Filter>dml-main</Filter>
    </ClCompile>
    <ClCompile Include="dml-main\ST_TextFontScalePercentOrPercentString.cpp">
      <Filter>dml-main</Filter>
    </ClCompile>
    <ClCompile Include="dml-main\ST_TextFontSize.cpp">
      <Filter>dml-main</Filter>
    </ClCompile>
    <ClCompile Include="dml-main\ST_TextHorzOverflowType.cpp">
      <Filter>dml-main</Filter>
    </ClCompile>
    <ClCompile Include="dml-main\ST_TextIndent.cpp">
      <Filter>dml-main</Filter>
    </ClCompile>
    <ClCompile Include="dml-main\ST_TextIndentLevelType.cpp">
      <Filter>dml-main</Filter>
    </ClCompile>
    <ClCompile Include="dml-main\ST_TextMargin.cpp">
      <Filter>dml-main</Filter>
    </ClCompile>
    <ClCompile Include="dml-main\ST_TextNonNegativePoint.cpp">
      <Filter>dml-main</Filter>
    </ClCompile>
    <ClCompile Include="dml-main\ST_TextPoint.cpp">
      <Filter>dml-main</Filter>
    </ClCompile>
    <ClCompile Include="dml-main\ST_TextPointUnqualified.cpp">
      <Filter>dml-main</Filter>
    </ClCompile>
    <ClCompile Include="dml-main\ST_TextShapeType.cpp">
      <Filter>dml-main</Filter>
    </ClCompile>
    <ClCompile Include="dml-main\ST_TextSpacingPercentOrPercentString.cpp">
      <Filter>dml-main</Filter>
    </ClCompile>
    <ClCompile Include="dml-main\ST_TextSpacingPoint.cpp">
      <Filter>dml-main</Filter>
    </ClCompile>
    <ClCompile Include="dml-main\ST_TextStrikeType.cpp">
      <Filter>dml-main</Filter>
    </ClCompile>
    <ClCompile Include="dml-main\ST_TextTabAlignType.cpp">
      <Filter>dml-main</Filter>
    </ClCompile>
    <ClCompile Include="dml-main\ST_TextUnderlineType.cpp">
      <Filter>dml-main</Filter>
    </ClCompile>
    <ClCompile Include="dml-main\ST_TextVerticalType.cpp">
      <Filter>dml-main</Filter>
    </ClCompile>
    <ClCompile Include="dml-main\ST_TextVertOverflowType.cpp">
      <Filter>dml-main</Filter>
    </ClCompile>
    <ClCompile Include="dml-main\ST_TextWrappingType.cpp">
      <Filter>dml-main</Filter>
    </ClCompile>
    <ClCompile Include="dml-main\ST_TileFlipMode.cpp">
      <Filter>dml-main</Filter>
    </ClCompile>
  </ItemGroup>
  <ItemGroup>
    <ClInclude Include="core.h">
      <Filter>Headers</Filter>
    </ClInclude>
    <ClInclude Include="shared-commonSimpleTypes.h">
      <Filter>Headers</Filter>
    </ClInclude>
    <ClInclude Include="shared-relationshipReference.h">
      <Filter>Headers</Filter>
    </ClInclude>
    <ClInclude Include="pml.h">
      <Filter>Headers</Filter>
    </ClInclude>
    <ClInclude Include="dml-main.h">
      <Filter>Headers</Filter>
    </ClInclude>
  </ItemGroup>
  <ItemGroup>
    <Filter Include="Headers">
      <UniqueIdentifier>{5cbff13b-f1b0-4197-a630-60670a5a8624}</UniqueIdentifier>
      <Extensions>h;hpp;hxx;hm;inl;inc;xsd</Extensions>
    </Filter>
    <Filter Include="Source Files">
      <UniqueIdentifier>{b6f27789-5142-4b00-90db-2a803343094a}</UniqueIdentifier>
      <Extensions>cpp;c;cc;cxx;def;odl;idl;hpj;bat;asm;asmx</Extensions>
    </Filter>
    <Filter Include="Core">
      <UniqueIdentifier>{6c543c5b-e7c7-4b15-8235-67f7997fb44b}</UniqueIdentifier>
    </Filter>
    <Filter Include="Common Simple Types">
      <UniqueIdentifier>{0c795641-d465-4f12-8c1b-aa862f9569ed}</UniqueIdentifier>
    </Filter>
    <Filter Include="dml-main">
      <UniqueIdentifier>{c95e27ca-7108-4f9c-a021-8950c22d5fe2}</UniqueIdentifier>
    </Filter>
  </ItemGroup>
  <ItemGroup>
    <None Include="ReadMe.txt" />
  </ItemGroup>
</Project>